
Microsoft Visual Studio Solution File, Format Version 12.00
# Visual Studio 2012
Project("{8BC9CEB8-8B4A-11D0-8D11-00A0C91BC942}") = "multi_index_01", "multi_index_01\multi_index_01.vcxproj", "{B306BEB8-D4ED-4D47-9A44-1D0BB3BA7CFE}"
EndProject
Project("{8BC9CEB8-8B4A-11D0-8D11-00A0C91BC942}") = "Asio_01_Client", "Asio_01_Client\Asio_01_Client.vcxproj", "{F643D8A3-D92C-4844-8798-F300157A5322}"
EndProject
Project("{8BC9CEB8-8B4A-11D0-8D11-00A0C91BC942}") = "Asio_01_Server", "Asio_01_Server\Asio_01_Server.vcxproj", "{164C1007-31B2-4B6F-B217-B50EF7D43C02}"
EndProject
Project("{8BC9CEB8-8B4A-11D0-8D11-00A0C91BC942}") = "Asio_02_Client", "Asio_02_Client\Asio_02_Client.vcxproj", "{0CAC38F2-ED51-4D83-9D37-7FDA70289069}"
EndProject
Project("{8BC9CEB8-8B4A-11D0-8D11-00A0C91BC942}") = "Asio_02_Server", "Asio_02_Server\Asio_02_Server.vcxproj", "{35D47FCA-3EED-43E5-B2C6-FB57FAC05BB1}"
EndProject
Project("{8BC9CEB8-8B4A-11D0-8D11-00A0C91BC942}") = "Asio_03_Client", "Asio_03_Client\Asio_03_Client.vcxproj", "{C8AC5136-08C0-40F7-8063-4D487535492E}"
EndProject
Project("{8BC9CEB8-8B4A-11D0-8D11-00A0C91BC942}") = "Asio_03_Server", "Asio_03_Server\Asio_03_Server.vcxproj", "{69E28613-1C7F-4733-8348-4CF20DF6FBE7}"
EndProject
Project("{8BC9CEB8-8B4A-11D0-8D11-00A0C91BC942}") = "Asio_04_Timer_01", "Asio_04_Timer_01\Asio_04_Timer_01.vcxproj", "{81C7A9CE-1DE5-425B-9C93-FC2D79E05662}"
EndProject
Project("{8BC9CEB8-8B4A-11D0-8D11-00A0C91BC942}") = "Asio_05_WorkerThread", "Asio_05_WorkerThread\Asio_05_WorkerThread.vcxproj", "{CA8E690B-DDF8-42FF-90D8-C4B81CBCA696}"
EndProject
Project("{8BC9CEB8-8B4A-11D0-8D11-00A0C91BC942}") = "multi_index_02", "multi_index_02\multi_index_02.vcxproj", "{52C8840F-FDB8-4477-9BD5-BECEA32F2783}"
EndProject
Project("{8BC9CEB8-8B4A-11D0-8D11-00A0C91BC942}") = "multi_index_03", "multi_index_03\multi_index_03.vcxproj", "{E86F0EE4-72BA-4068-AA7E-55452B840A95}"
EndProject
Project("{8BC9CEB8-8B4A-11D0-8D11-00A0C91BC942}") = "multi_index_04", "multi_index_04\multi_index_04.vcxproj", "{3ED2EDE0-02D7-4365-8B7F-BCE252451AA4}"
EndProject
Project("{8BC9CEB8-8B4A-11D0-8D11-00A0C91BC942}") = "multi_index_05", "multi_index_05\multi_index_05.vcxproj", "{0DDFE7DD-E8FA-4261-AAFC-BCAFD5826D3C}"
EndProject
Project("{8BC9CEB8-8B4A-11D0-8D11-00A0C91BC942}") = "multi_index_06", "multi_index_06\multi_index_06.vcxproj", "{D8E71D38-F8E1-4D16-975B-966D22CF7EE8}"
EndProject
Project("{8BC9CEB8-8B4A-11D0-8D11-00A0C91BC942}") = "multi_index_07", "multi_index_07\multi_index_07.vcxproj", "{230E9345-B805-4AC5-B42E-6556A2E5B6A4}"
EndProject
Project("{8BC9CEB8-8B4A-11D0-8D11-00A0C91BC942}") = "multi_index_08", "multi_index_08\multi_index_08.vcxproj", "{6E1C0A56-D8F1-4A41-8AF2-A8BA4CD96EA3}"
EndProject
Project("{8BC9CEB8-8B4A-11D0-8D11-00A0C91BC942}") = "multi_index_09", "multi_index_09\multi_index_09.vcxproj", "{C38FF7F8-4803-4AB5-95EE-065A6EBD1FCB}"
EndProject
Project("{8BC9CEB8-8B4A-11D0-8D11-00A0C91BC942}") = "static_vector_01", "static_vector_01\static_vector_01.vcxproj", "{372FB2B5-8B74-4809-ABE3-6CEEB57AC8C6}"
EndProject
Project("{8BC9CEB8-8B4A-11D0-8D11-00A0C91BC942}") = "Signal2_01", "Signal2_01\Signal2_01.vcxproj", "{AB629FFC-869E-4F46-802E-2642E38EFC94}"
EndProject
Project("{8BC9CEB8-8B4A-11D0-8D11-00A0C91BC942}") = "Signal2_02", "Signal2_02\Signal2_02.vcxproj", "{531A63C9-3483-4256-843B-7C9B48C6230D}"
EndProject
Project("{8BC9CEB8-8B4A-11D0-8D11-00A0C91BC942}") = "Signal2_03", "Signal2_03\Signal2_03.vcxproj", "{E8F47030-5FA1-4259-8ED5-78F073D1C315}"
EndProject
Project("{8BC9CEB8-8B4A-11D0-8D11-00A0C91BC942}") = "Program_options_01", "Program_options_01\Program_options_01.vcxproj", "{501AA85D-665B-45EF-92C3-198A6EA997DE}"
EndProject
Project("{8BC9CEB8-8B4A-11D0-8D11-00A0C91BC942}") = "Program_options_02", "Program_options_02\Program_options_02.vcxproj", "{4C131071-3B38-4329-85F3-F92F9C1E7F19}"
EndProject
Project("{8BC9CEB8-8B4A-11D0-8D11-00A0C91BC942}") = "Log_01", "Log_01\Log_01.vcxproj", "{575ACCE8-BAF1-4ABB-B642-915B73861CC8}"
EndProject
Project("{8BC9CEB8-8B4A-11D0-8D11-00A0C91BC942}") = "Log_02", "Log_02\Log_02.vcxproj", "{6D23F7EC-00D8-41B1-B5AC-32C8CCCFE7C3}"
EndProject
Project("{8BC9CEB8-8B4A-11D0-8D11-00A0C91BC942}") = "Log_03", "Log_03\Log_03.vcxproj", "{C9D82CD2-2619-43BF-854F-C2A34D64B209}"
EndProject
Project("{8BC9CEB8-8B4A-11D0-8D11-00A0C91BC942}") = "Log_04", "Log_04\Log_04.vcxproj", "{9F730D4A-6908-4578-A5CF-2551BA78F13D}"
EndProject
Project("{8BC9CEB8-8B4A-11D0-8D11-00A0C91BC942}") = "Log_05", "Log_05\Log_05.vcxproj", "{ADDB9D67-968C-4CAB-98A0-95164998E37F}"
EndProject
Project("{8BC9CEB8-8B4A-11D0-8D11-00A0C91BC942}") = "Log_06", "Log_06\Log_06.vcxproj", "{1C0BF896-7BE5-4DEE-B2D0-09C73B293F8B}"
EndProject
Project("{8BC9CEB8-8B4A-11D0-8D11-00A0C91BC942}") = "Log_07", "Log_07\Log_07.vcxproj", "{A1542E75-C039-48C7-A7B1-4D6D7616BF47}"
EndProject
Project("{8BC9CEB8-8B4A-11D0-8D11-00A0C91BC942}") = "circular_buffer_01", "circular_buffer_01\circular_buffer_01.vcxproj", "{833DA434-4B8C-4BAD-9ED9-8F7C4A31F75D}"
EndProject
Project("{8BC9CEB8-8B4A-11D0-8D11-00A0C91BC942}") = "circular_buffer_02", "circular_buffer_02\circular_buffer_02.vcxproj", "{894ADEDF-5CEA-46E3-82B6-864E0F5E43B4}"
EndProject
Project("{8BC9CEB8-8B4A-11D0-8D11-00A0C91BC942}") = "circular_buffer_03", "circular_buffer_03\circular_buffer_03.vcxproj", "{F99882F4-A588-40BA-B0E2-6182DA04E091}"
EndProject
Project("{8BC9CEB8-8B4A-11D0-8D11-00A0C91BC942}") = "circular_buffer_04", "circular_buffer_04\circular_buffer_04.vcxproj", "{F8DBC765-9EDD-4F16-A373-450D33BC3368}"
EndProject
Project("{8BC9CEB8-8B4A-11D0-8D11-00A0C91BC942}") = "circular_buffer_05", "circular_buffer_05\circular_buffer_05.vcxproj", "{48E6898C-A822-4AA8-9FAE-336E92DA0FFE}"
EndProject
Project("{8BC9CEB8-8B4A-11D0-8D11-00A0C91BC942}") = "static_vector_02", "static_vector_02\static_vector_02.vcxproj", "{C48F44AF-1065-4862-8B73-A4364E6FA890}"
EndProject
Project("{8BC9CEB8-8B4A-11D0-8D11-00A0C91BC942}") = "stable_vector_01", "stable_vector_01\stable_vector_01.vcxproj", "{1E87F3F7-99A0-4830-8937-711CCCF84EA4}"
EndProject
Project("{8BC9CEB8-8B4A-11D0-8D11-00A0C91BC942}") = "flat_tree_01", "flat_tree_01\flat_tree_01.vcxproj", "{5CC89CF2-ED1A-4DE1-8786-72192081DD76}"
EndProject
Global
	GlobalSection(SolutionConfigurationPlatforms) = preSolution
		Debug|Win32 = Debug|Win32
		Release|Win32 = Release|Win32
	EndGlobalSection
	GlobalSection(ProjectConfigurationPlatforms) = postSolution
		{B306BEB8-D4ED-4D47-9A44-1D0BB3BA7CFE}.Debug|Win32.ActiveCfg = Debug|Win32
		{B306BEB8-D4ED-4D47-9A44-1D0BB3BA7CFE}.Debug|Win32.Build.0 = Debug|Win32
		{B306BEB8-D4ED-4D47-9A44-1D0BB3BA7CFE}.Release|Win32.ActiveCfg = Release|Win32
		{B306BEB8-D4ED-4D47-9A44-1D0BB3BA7CFE}.Release|Win32.Build.0 = Release|Win32
		{F643D8A3-D92C-4844-8798-F300157A5322}.Debug|Win32.ActiveCfg = Debug|Win32
		{F643D8A3-D92C-4844-8798-F300157A5322}.Debug|Win32.Build.0 = Debug|Win32
		{F643D8A3-D92C-4844-8798-F300157A5322}.Release|Win32.ActiveCfg = Release|Win32
		{F643D8A3-D92C-4844-8798-F300157A5322}.Release|Win32.Build.0 = Release|Win32
		{164C1007-31B2-4B6F-B217-B50EF7D43C02}.Debug|Win32.ActiveCfg = Debug|Win32
		{164C1007-31B2-4B6F-B217-B50EF7D43C02}.Debug|Win32.Build.0 = Debug|Win32
		{164C1007-31B2-4B6F-B217-B50EF7D43C02}.Release|Win32.ActiveCfg = Release|Win32
		{164C1007-31B2-4B6F-B217-B50EF7D43C02}.Release|Win32.Build.0 = Release|Win32
		{0CAC38F2-ED51-4D83-9D37-7FDA70289069}.Debug|Win32.ActiveCfg = Debug|Win32
		{0CAC38F2-ED51-4D83-9D37-7FDA70289069}.Debug|Win32.Build.0 = Debug|Win32
		{0CAC38F2-ED51-4D83-9D37-7FDA70289069}.Release|Win32.ActiveCfg = Release|Win32
		{0CAC38F2-ED51-4D83-9D37-7FDA70289069}.Release|Win32.Build.0 = Release|Win32
		{35D47FCA-3EED-43E5-B2C6-FB57FAC05BB1}.Debug|Win32.ActiveCfg = Debug|Win32
		{35D47FCA-3EED-43E5-B2C6-FB57FAC05BB1}.Debug|Win32.Build.0 = Debug|Win32
		{35D47FCA-3EED-43E5-B2C6-FB57FAC05BB1}.Release|Win32.ActiveCfg = Release|Win32
		{35D47FCA-3EED-43E5-B2C6-FB57FAC05BB1}.Release|Win32.Build.0 = Release|Win32
		{C8AC5136-08C0-40F7-8063-4D487535492E}.Debug|Win32.ActiveCfg = Debug|Win32
		{C8AC5136-08C0-40F7-8063-4D487535492E}.Debug|Win32.Build.0 = Debug|Win32
		{C8AC5136-08C0-40F7-8063-4D487535492E}.Release|Win32.ActiveCfg = Release|Win32
		{C8AC5136-08C0-40F7-8063-4D487535492E}.Release|Win32.Build.0 = Release|Win32
		{69E28613-1C7F-4733-8348-4CF20DF6FBE7}.Debug|Win32.ActiveCfg = Debug|Win32
		{69E28613-1C7F-4733-8348-4CF20DF6FBE7}.Debug|Win32.Build.0 = Debug|Win32
		{69E28613-1C7F-4733-8348-4CF20DF6FBE7}.Release|Win32.ActiveCfg = Release|Win32
		{69E28613-1C7F-4733-8348-4CF20DF6FBE7}.Release|Win32.Build.0 = Release|Win32
		{81C7A9CE-1DE5-425B-9C93-FC2D79E05662}.Debug|Win32.ActiveCfg = Debug|Win32
		{81C7A9CE-1DE5-425B-9C93-FC2D79E05662}.Debug|Win32.Build.0 = Debug|Win32
		{81C7A9CE-1DE5-425B-9C93-FC2D79E05662}.Release|Win32.ActiveCfg = Release|Win32
		{81C7A9CE-1DE5-425B-9C93-FC2D79E05662}.Release|Win32.Build.0 = Release|Win32
		{CA8E690B-DDF8-42FF-90D8-C4B81CBCA696}.Debug|Win32.ActiveCfg = Debug|Win32
		{CA8E690B-DDF8-42FF-90D8-C4B81CBCA696}.Debug|Win32.Build.0 = Debug|Win32
		{CA8E690B-DDF8-42FF-90D8-C4B81CBCA696}.Release|Win32.ActiveCfg = Release|Win32
		{CA8E690B-DDF8-42FF-90D8-C4B81CBCA696}.Release|Win32.Build.0 = Release|Win32
		{52C8840F-FDB8-4477-9BD5-BECEA32F2783}.Debug|Win32.ActiveCfg = Debug|Win32
		{52C8840F-FDB8-4477-9BD5-BECEA32F2783}.Debug|Win32.Build.0 = Debug|Win32
		{52C8840F-FDB8-4477-9BD5-BECEA32F2783}.Release|Win32.ActiveCfg = Release|Win32
		{52C8840F-FDB8-4477-9BD5-BECEA32F2783}.Release|Win32.Build.0 = Release|Win32
		{E86F0EE4-72BA-4068-AA7E-55452B840A95}.Debug|Win32.ActiveCfg = Debug|Win32
		{E86F0EE4-72BA-4068-AA7E-55452B840A95}.Debug|Win32.Build.0 = Debug|Win32
		{E86F0EE4-72BA-4068-AA7E-55452B840A95}.Release|Win32.ActiveCfg = Release|Win32
		{E86F0EE4-72BA-4068-AA7E-55452B840A95}.Release|Win32.Build.0 = Release|Win32
		{3ED2EDE0-02D7-4365-8B7F-BCE252451AA4}.Debug|Win32.ActiveCfg = Debug|Win32
		{3ED2EDE0-02D7-4365-8B7F-BCE252451AA4}.Debug|Win32.Build.0 = Debug|Win32
		{3ED2EDE0-02D7-4365-8B7F-BCE252451AA4}.Release|Win32.ActiveCfg = Release|Win32
		{3ED2EDE0-02D7-4365-8B7F-BCE252451AA4}.Release|Win32.Build.0 = Release|Win32
		{0DDFE7DD-E8FA-4261-AAFC-BCAFD5826D3C}.Debug|Win32.ActiveCfg = Debug|Win32
		{0DDFE7DD-E8FA-4261-AAFC-BCAFD5826D3C}.Debug|Win32.Build.0 = Debug|Win32
		{0DDFE7DD-E8FA-4261-AAFC-BCAFD5826D3C}.Release|Win32.ActiveCfg = Release|Win32
		{0DDFE7DD-E8FA-4261-AAFC-BCAFD5826D3C}.Release|Win32.Build.0 = Release|Win32
		{D8E71D38-F8E1-4D16-975B-966D22CF7EE8}.Debug|Win32.ActiveCfg = Debug|Win32
		{D8E71D38-F8E1-4D16-975B-966D22CF7EE8}.Debug|Win32.Build.0 = Debug|Win32
		{D8E71D38-F8E1-4D16-975B-966D22CF7EE8}.Release|Win32.ActiveCfg = Release|Win32
		{D8E71D38-F8E1-4D16-975B-966D22CF7EE8}.Release|Win32.Build.0 = Release|Win32
		{230E9345-B805-4AC5-B42E-6556A2E5B6A4}.Debug|Win32.ActiveCfg = Debug|Win32
		{230E9345-B805-4AC5-B42E-6556A2E5B6A4}.Debug|Win32.Build.0 = Debug|Win32
		{230E9345-B805-4AC5-B42E-6556A2E5B6A4}.Release|Win32.ActiveCfg = Release|Win32
		{230E9345-B805-4AC5-B42E-6556A2E5B6A4}.Release|Win32.Build.0 = Release|Win32
		{6E1C0A56-D8F1-4A41-8AF2-A8BA4CD96EA3}.Debug|Win32.ActiveCfg = Debug|Win32
		{6E1C0A56-D8F1-4A41-8AF2-A8BA4CD96EA3}.Debug|Win32.Build.0 = Debug|Win32
		{6E1C0A56-D8F1-4A41-8AF2-A8BA4CD96EA3}.Release|Win32.ActiveCfg = Release|Win32
		{6E1C0A56-D8F1-4A41-8AF2-A8BA4CD96EA3}.Release|Win32.Build.0 = Release|Win32
		{C38FF7F8-4803-4AB5-95EE-065A6EBD1FCB}.Debug|Win32.ActiveCfg = Debug|Win32
		{C38FF7F8-4803-4AB5-95EE-065A6EBD1FCB}.Debug|Win32.Build.0 = Debug|Win32
		{C38FF7F8-4803-4AB5-95EE-065A6EBD1FCB}.Release|Win32.ActiveCfg = Release|Win32
		{C38FF7F8-4803-4AB5-95EE-065A6EBD1FCB}.Release|Win32.Build.0 = Release|Win32
		{372FB2B5-8B74-4809-ABE3-6CEEB57AC8C6}.Debug|Win32.ActiveCfg = Debug|Win32
		{372FB2B5-8B74-4809-ABE3-6CEEB57AC8C6}.Debug|Win32.Build.0 = Debug|Win32
		{372FB2B5-8B74-4809-ABE3-6CEEB57AC8C6}.Release|Win32.ActiveCfg = Release|Win32
		{372FB2B5-8B74-4809-ABE3-6CEEB57AC8C6}.Release|Win32.Build.0 = Release|Win32
		{AB629FFC-869E-4F46-802E-2642E38EFC94}.Debug|Win32.ActiveCfg = Debug|Win32
		{AB629FFC-869E-4F46-802E-2642E38EFC94}.Debug|Win32.Build.0 = Debug|Win32
		{AB629FFC-869E-4F46-802E-2642E38EFC94}.Release|Win32.ActiveCfg = Release|Win32
		{AB629FFC-869E-4F46-802E-2642E38EFC94}.Release|Win32.Build.0 = Release|Win32
		{531A63C9-3483-4256-843B-7C9B48C6230D}.Debug|Win32.ActiveCfg = Debug|Win32
		{531A63C9-3483-4256-843B-7C9B48C6230D}.Debug|Win32.Build.0 = Debug|Win32
		{531A63C9-3483-4256-843B-7C9B48C6230D}.Release|Win32.ActiveCfg = Release|Win32
		{531A63C9-3483-4256-843B-7C9B48C6230D}.Release|Win32.Build.0 = Release|Win32
		{E8F47030-5FA1-4259-8ED5-78F073D1C315}.Debug|Win32.ActiveCfg = Debug|Win32
		{E8F47030-5FA1-4259-8ED5-78F073D1C315}.Debug|Win32.Build.0 = Debug|Win32
		{E8F47030-5FA1-4259-8ED5-78F073D1C315}.Release|Win32.ActiveCfg = Release|Win32
		{E8F47030-5FA1-4259-8ED5-78F073D1C315}.Release|Win32.Build.0 = Release|Win32
		{501AA85D-665B-45EF-92C3-198A6EA997DE}.Debug|Win32.ActiveCfg = Debug|Win32
		{501AA85D-665B-45EF-92C3-198A6EA997DE}.Debug|Win32.Build.0 = Debug|Win32
		{501AA85D-665B-45EF-92C3-198A6EA997DE}.Release|Win32.ActiveCfg = Release|Win32
		{501AA85D-665B-45EF-92C3-198A6EA997DE}.Release|Win32.Build.0 = Release|Win32
		{4C131071-3B38-4329-85F3-F92F9C1E7F19}.Debug|Win32.ActiveCfg = Debug|Win32
		{4C131071-3B38-4329-85F3-F92F9C1E7F19}.Debug|Win32.Build.0 = Debug|Win32
		{4C131071-3B38-4329-85F3-F92F9C1E7F19}.Release|Win32.ActiveCfg = Release|Win32
		{4C131071-3B38-4329-85F3-F92F9C1E7F19}.Release|Win32.Build.0 = Release|Win32
		{575ACCE8-BAF1-4ABB-B642-915B73861CC8}.Debug|Win32.ActiveCfg = Debug|Win32
		{575ACCE8-BAF1-4ABB-B642-915B73861CC8}.Debug|Win32.Build.0 = Debug|Win32
		{575ACCE8-BAF1-4ABB-B642-915B73861CC8}.Release|Win32.ActiveCfg = Release|Win32
		{575ACCE8-BAF1-4ABB-B642-915B73861CC8}.Release|Win32.Build.0 = Release|Win32
		{6D23F7EC-00D8-41B1-B5AC-32C8CCCFE7C3}.Debug|Win32.ActiveCfg = Debug|Win32
		{6D23F7EC-00D8-41B1-B5AC-32C8CCCFE7C3}.Debug|Win32.Build.0 = Debug|Win32
		{6D23F7EC-00D8-41B1-B5AC-32C8CCCFE7C3}.Release|Win32.ActiveCfg = Release|Win32
		{6D23F7EC-00D8-41B1-B5AC-32C8CCCFE7C3}.Release|Win32.Build.0 = Release|Win32
		{C9D82CD2-2619-43BF-854F-C2A34D64B209}.Debug|Win32.ActiveCfg = Debug|Win32
		{C9D82CD2-2619-43BF-854F-C2A34D64B209}.Debug|Win32.Build.0 = Debug|Win32
		{C9D82CD2-2619-43BF-854F-C2A34D64B209}.Release|Win32.ActiveCfg = Release|Win32
		{C9D82CD2-2619-43BF-854F-C2A34D64B209}.Release|Win32.Build.0 = Release|Win32
		{9F730D4A-6908-4578-A5CF-2551BA78F13D}.Debug|Win32.ActiveCfg = Debug|Win32
		{9F730D4A-6908-4578-A5CF-2551BA78F13D}.Debug|Win32.Build.0 = Debug|Win32
		{9F730D4A-6908-4578-A5CF-2551BA78F13D}.Release|Win32.ActiveCfg = Release|Win32
		{9F730D4A-6908-4578-A5CF-2551BA78F13D}.Release|Win32.Build.0 = Release|Win32
		{ADDB9D67-968C-4CAB-98A0-95164998E37F}.Debug|Win32.ActiveCfg = Debug|Win32
		{ADDB9D67-968C-4CAB-98A0-95164998E37F}.Debug|Win32.Build.0 = Debug|Win32
		{ADDB9D67-968C-4CAB-98A0-95164998E37F}.Release|Win32.ActiveCfg = Release|Win32
		{ADDB9D67-968C-4CAB-98A0-95164998E37F}.Release|Win32.Build.0 = Release|Win32
		{1C0BF896-7BE5-4DEE-B2D0-09C73B293F8B}.Debug|Win32.ActiveCfg = Debug|Win32
		{1C0BF896-7BE5-4DEE-B2D0-09C73B293F8B}.Debug|Win32.Build.0 = Debug|Win32
		{1C0BF896-7BE5-4DEE-B2D0-09C73B293F8B}.Release|Win32.ActiveCfg = Release|Win32
		{1C0BF896-7BE5-4DEE-B2D0-09C73B293F8B}.Release|Win32.Build.0 = Release|Win32
		{A1542E75-C039-48C7-A7B1-4D6D7616BF47}.Debug|Win32.ActiveCfg = Debug|Win32
		{A1542E75-C039-48C7-A7B1-4D6D7616BF47}.Debug|Win32.Build.0 = Debug|Win32
		{A1542E75-C039-48C7-A7B1-4D6D7616BF47}.Release|Win32.ActiveCfg = Release|Win32
		{A1542E75-C039-48C7-A7B1-4D6D7616BF47}.Release|Win32.Build.0 = Release|Win32
		{833DA434-4B8C-4BAD-9ED9-8F7C4A31F75D}.Debug|Win32.ActiveCfg = Debug|Win32
		{833DA434-4B8C-4BAD-9ED9-8F7C4A31F75D}.Debug|Win32.Build.0 = Debug|Win32
		{833DA434-4B8C-4BAD-9ED9-8F7C4A31F75D}.Release|Win32.ActiveCfg = Release|Win32
		{833DA434-4B8C-4BAD-9ED9-8F7C4A31F75D}.Release|Win32.Build.0 = Release|Win32
		{894ADEDF-5CEA-46E3-82B6-864E0F5E43B4}.Debug|Win32.ActiveCfg = Debug|Win32
		{894ADEDF-5CEA-46E3-82B6-864E0F5E43B4}.Debug|Win32.Build.0 = Debug|Win32
		{894ADEDF-5CEA-46E3-82B6-864E0F5E43B4}.Release|Win32.ActiveCfg = Release|Win32
		{894ADEDF-5CEA-46E3-82B6-864E0F5E43B4}.Release|Win32.Build.0 = Release|Win32
		{F99882F4-A588-40BA-B0E2-6182DA04E091}.Debug|Win32.ActiveCfg = Debug|Win32
		{F99882F4-A588-40BA-B0E2-6182DA04E091}.Debug|Win32.Build.0 = Debug|Win32
		{F99882F4-A588-40BA-B0E2-6182DA04E091}.Release|Win32.ActiveCfg = Release|Win32
		{F99882F4-A588-40BA-B0E2-6182DA04E091}.Release|Win32.Build.0 = Release|Win32
		{F8DBC765-9EDD-4F16-A373-450D33BC3368}.Debug|Win32.ActiveCfg = Debug|Win32
		{F8DBC765-9EDD-4F16-A373-450D33BC3368}.Debug|Win32.Build.0 = Debug|Win32
		{F8DBC765-9EDD-4F16-A373-450D33BC3368}.Release|Win32.ActiveCfg = Release|Win32
		{F8DBC765-9EDD-4F16-A373-450D33BC3368}.Release|Win32.Build.0 = Release|Win32
		{48E6898C-A822-4AA8-9FAE-336E92DA0FFE}.Debug|Win32.ActiveCfg = Debug|Win32
		{48E6898C-A822-4AA8-9FAE-336E92DA0FFE}.Debug|Win32.Build.0 = Debug|Win32
		{48E6898C-A822-4AA8-9FAE-336E92DA0FFE}.Release|Win32.ActiveCfg = Release|Win32
		{48E6898C-A822-4AA8-9FAE-336E92DA0FFE}.Release|Win32.Build.0 = Release|Win32
		{C48F44AF-1065-4862-8B73-A4364E6FA890}.Debug|Win32.ActiveCfg = Debug|Win32
		{C48F44AF-1065-4862-8B73-A4364E6FA890}.Debug|Win32.Build.0 = Debug|Win32
		{C48F44AF-1065-4862-8B73-A4364E6FA890}.Release|Win32.ActiveCfg = Release|Win32
		{C48F44AF-1065-4862-8B73-A4364E6FA890}.Release|Win32.Build.0 = Release|Win32
		{1E87F3F7-99A0-4830-8937-711CCCF84EA4}.Debug|Win32.ActiveCfg = Debug|Win32
		{1E87F3F7-99A0-4830-8937-711CCCF84EA4}.Debug|Win32.Build.0 = Debug|Win32
		{1E87F3F7-99A0-4830-8937-711CCCF84EA4}.Release|Win32.ActiveCfg = Release|Win32
		{1E87F3F7-99A0-4830-8937-711CCCF84EA4}.Release|Win32.Build.0 = Release|Win32
		{5CC89CF2-ED1A-4DE1-8786-72192081DD76}.Debug|Win32.ActiveCfg = Debug|Win32
		{5CC89CF2-ED1A-4DE1-8786-72192081DD76}.Debug|Win32.Build.0 = Debug|Win32
		{5CC89CF2-ED1A-4DE1-8786-72192081DD76}.Release|Win32.ActiveCfg = Release|Win32
		{5CC89CF2-ED1A-4DE1-8786-72192081DD76}.Release|Win32.Build.0 = Release|Win32
	EndGlobalSection
	GlobalSection(SolutionProperties) = preSolution
		HideSolutionNode = FALSE
	EndGlobalSection
EndGlobal
