
Microsoft Visual Studio Solution File, Format Version 12.00
# Visual Studio 14
VisualStudioVersion = 14.0.25420.1
MinimumVisualStudioVersion = 10.0.40219.1
Project("{2150E333-8FDC-42A3-9474-1A3956D46DE8}") = "Poco_Net", "Poco_Net", "{AD54582C-9E0A-4CC7-96A4-091D233E23EB}"
EndProject
Project("{8BC9CEB8-8B4A-11D0-8D11-00A0C91BC942}") = "Poco_Net-01", "Poco_Net-01\Poco_Net-01.vcxproj", "{2CD5DD16-CDC3-4EA2-935E-BE232119CA0F}"
EndProject
Project("{8BC9CEB8-8B4A-11D0-8D11-00A0C91BC942}") = "Poco_Net-02", "Poco_Net-02\Poco_Net-02.vcxproj", "{AD267656-06B0-4500-9920-6CE2DE889F3C}"
EndProject
Project("{8BC9CEB8-8B4A-11D0-8D11-00A0C91BC942}") = "Poco_Net-03", "Poco_Net-03\Poco_Net-03.vcxproj", "{E831C069-2110-414F-BE95-4D5B6A7886DB}"
EndProject
Project("{8BC9CEB8-8B4A-11D0-8D11-00A0C91BC942}") = "Poco_Net-04", "Poco_Net-04\Poco_Net-04.vcxproj", "{39131C2B-881A-4FA4-A15A-A0D54A3F1D44}"
EndProject
Project("{8BC9CEB8-8B4A-11D0-8D11-00A0C91BC942}") = "Poco_Net-05", "Poco_Net-05\Poco_Net-05.vcxproj", "{EFC9AC11-862C-4C93-8554-9E592CE07F6A}"
EndProject
Project("{8BC9CEB8-8B4A-11D0-8D11-00A0C91BC942}") = "Poco_Net-06", "Poco_Net-06\Poco_Net-06.vcxproj", "{3955E1B6-C6DE-4846-9C84-6FB254E9EB7C}"
EndProject
Project("{8BC9CEB8-8B4A-11D0-8D11-00A0C91BC942}") = "Poco_Net-07", "Poco_Net-07\Poco_Net-07.vcxproj", "{2261A3F5-3129-4663-93C4-F09ED196BBCC}"
EndProject
Project("{8BC9CEB8-8B4A-11D0-8D11-00A0C91BC942}") = "Poco_Net-08", "Poco_Net-08\Poco_Net-08.vcxproj", "{D968EDA4-E340-4635-A46F-520787C2BF2B}"
EndProject
Project("{8BC9CEB8-8B4A-11D0-8D11-00A0C91BC942}") = "Poco_Net-09", "Poco_Net-09\Poco_Net-09.vcxproj", "{9E30F5BB-C77F-4FD8-9738-DD392B6F8AE1}"
EndProject
Project("{8BC9CEB8-8B4A-11D0-8D11-00A0C91BC942}") = "Poco_Net-10", "Poco_Net-10\Poco_Net-10.vcxproj", "{BAEDCA1F-0C95-4D1C-86D8-09E54B20ABB6}"
EndProject
Project("{8BC9CEB8-8B4A-11D0-8D11-00A0C91BC942}") = "Poco_Net-11", "Poco_Net-11\Poco_Net-11.vcxproj", "{FAF1307C-FAEB-4C61-8781-0072F5119543}"
EndProject
Project("{2150E333-8FDC-42A3-9474-1A3956D46DE8}") = "Coroutine", "Coroutine", "{BA4BAE62-2C80-4B42-A3CA-AFCC29DE6192}"
EndProject
Project("{8BC9CEB8-8B4A-11D0-8D11-00A0C91BC942}") = "Coroutine_01", "Coroutine_01\Coroutine_01.vcxproj", "{8BDFDECD-D815-47FF-B781-A5B86FABDD2A}"
EndProject
Project("{8BC9CEB8-8B4A-11D0-8D11-00A0C91BC942}") = "Coroutine_02", "Coroutine_02\Coroutine_02.vcxproj", "{96BAC536-9E81-4379-AE32-879AEFC81F08}"
EndProject
Project("{8BC9CEB8-8B4A-11D0-8D11-00A0C91BC942}") = "Coroutine_03", "Coroutine_03\Coroutine_03.vcxproj", "{305C0994-AEB6-41E4-B91A-6C7DD255A41C}"
EndProject
Project("{8BC9CEB8-8B4A-11D0-8D11-00A0C91BC942}") = "Coroutine_04", "Coroutine_04\Coroutine_04.vcxproj", "{8D19239D-F035-44A1-BFB9-BED9C2885518}"
EndProject
Project("{8BC9CEB8-8B4A-11D0-8D11-00A0C91BC942}") = "Coroutine_05", "Coroutine_05\Coroutine_05.vcxproj", "{E2B5F2FF-77BB-4CEC-9C14-DE98D259BBE4}"
EndProject
Project("{8BC9CEB8-8B4A-11D0-8D11-00A0C91BC942}") = "Coroutine_06", "Coroutine_06\Coroutine_06.vcxproj", "{5BA111F2-9716-41FB-A6D9-EDC8516373DA}"
EndProject
Project("{8BC9CEB8-8B4A-11D0-8D11-00A0C91BC942}") = "Coroutine_07", "Coroutine_07\Coroutine_07.vcxproj", "{202C8217-B80A-411A-B766-9C978F32C211}"
EndProject
Project("{2150E333-8FDC-42A3-9474-1A3956D46DE8}") = "Asio", "Asio", "{1E7E8396-6C44-4387-B3D6-44A7E1A40E6A}"
EndProject
Project("{8BC9CEB8-8B4A-11D0-8D11-00A0C91BC942}") = "SynchronousTCPServer", "Asio_SynchronousTCPServer\SynchronousTCPServer.vcxproj", "{2BC24929-865D-4209-9681-27FDBAB831C0}"
EndProject
Project("{8BC9CEB8-8B4A-11D0-8D11-00A0C91BC942}") = "SynchronousTCPClient", "Asio_SynchronousTCPClient\SynchronousTCPClient.vcxproj", "{83E9DAAA-795A-42DF-90A2-EB4D2A1482F7}"
EndProject
Project("{8BC9CEB8-8B4A-11D0-8D11-00A0C91BC942}") = "AsynchronousTCPServer", "Asio_AsynchronousTCPServer\AsynchronousTCPServer.vcxproj", "{E6803FE5-2BD3-4FED-84E7-618C459AC341}"
EndProject
Project("{8BC9CEB8-8B4A-11D0-8D11-00A0C91BC942}") = "AsynchronousTCPClient", "Asio_AsynchronousTCPClient\AsynchronousTCPClient.vcxproj", "{1396669A-F127-448F-8A93-D696678A1E8A}"
EndProject
Project("{8BC9CEB8-8B4A-11D0-8D11-00A0C91BC942}") = "ChattingTCPServer", "Asio_ChattingTCPServer\ChattingTCPServer.vcxproj", "{D15575D2-05D2-457B-8CC5-7B4076FECFFE}"
EndProject
Project("{8BC9CEB8-8B4A-11D0-8D11-00A0C91BC942}") = "ChattingTCPClient", "Asio_ChattingTCPClient\ChattingTCPClient.vcxproj", "{07FE10BE-2A72-4EBD-A728-8D7FE61CED48}"
EndProject
Project("{8BC9CEB8-8B4A-11D0-8D11-00A0C91BC942}") = "AsynchronousUDPServer", "Asio_AsynchronousUDPServer\AsynchronousUDPServer.vcxproj", "{831E9345-2006-41A9-8C3F-87B766AF17CC}"
EndProject
Project("{8BC9CEB8-8B4A-11D0-8D11-00A0C91BC942}") = "AsynchronousUDPClient", "Asio_AsynchronousUDPClient\AsynchronousUDPClient.vcxproj", "{6D71B626-7516-4138-8066-F511FD53A190}"
EndProject
Project("{8BC9CEB8-8B4A-11D0-8D11-00A0C91BC942}") = "Timer1", "Asio_Timer1\Timer1.vcxproj", "{09D0F35A-F2C5-4788-80C4-CD2EF1E1BD75}"
EndProject
Project("{8BC9CEB8-8B4A-11D0-8D11-00A0C91BC942}") = "Timer2", "Asio_Timer2\Timer2.vcxproj", "{DB61248A-D708-4BD3-8342-3E1527BE31AD}"
EndProject
Project("{8BC9CEB8-8B4A-11D0-8D11-00A0C91BC942}") = "Timer3", "Asio_Timer3\Timer3.vcxproj", "{3097B94C-C11E-4C55-931E-44B1807EE190}"
EndProject
Project("{8BC9CEB8-8B4A-11D0-8D11-00A0C91BC942}") = "Timer4", "Asio_Timer4\Timer4.vcxproj", "{B4CDECB5-C22F-4CAF-B2C8-55CB324DE948}"
EndProject
Project("{8BC9CEB8-8B4A-11D0-8D11-00A0C91BC942}") = "WorkerThread", "Asio_WorkerThread\WorkerThread.vcxproj", "{2C647F0A-8473-43ED-A97B-8EBDB92CD589}"
EndProject
Project("{8BC9CEB8-8B4A-11D0-8D11-00A0C91BC942}") = "AsynchronousTCPServer_lambda", "Asio_AsynchronousTCPServer_lambda\AsynchronousTCPServer_lambda.vcxproj", "{720F41CE-0DBE-4908-B5E8-8DD0185537F3}"
EndProject
Project("{8BC9CEB8-8B4A-11D0-8D11-00A0C91BC942}") = "ChattingTCPServer_spawn", "Asio_ChattingTCPServer_spawn\ChattingTCPServer_spawn.vcxproj", "{7E66857A-304F-484A-A96A-8FFCB7674E2C}"
EndProject
Global
	GlobalSection(SolutionConfigurationPlatforms) = preSolution
		Debug|Win32 = Debug|Win32
		Debug|x64 = Debug|x64
		Release|Win32 = Release|Win32
		Release|x64 = Release|x64
	EndGlobalSection
	GlobalSection(ProjectConfigurationPlatforms) = postSolution
		{2CD5DD16-CDC3-4EA2-935E-BE232119CA0F}.Debug|Win32.ActiveCfg = Debug|Win32
		{2CD5DD16-CDC3-4EA2-935E-BE232119CA0F}.Debug|Win32.Build.0 = Debug|Win32
		{2CD5DD16-CDC3-4EA2-935E-BE232119CA0F}.Debug|x64.ActiveCfg = Debug|x64
		{2CD5DD16-CDC3-4EA2-935E-BE232119CA0F}.Debug|x64.Build.0 = Debug|x64
		{2CD5DD16-CDC3-4EA2-935E-BE232119CA0F}.Release|Win32.ActiveCfg = Release|Win32
		{2CD5DD16-CDC3-4EA2-935E-BE232119CA0F}.Release|Win32.Build.0 = Release|Win32
		{2CD5DD16-CDC3-4EA2-935E-BE232119CA0F}.Release|x64.ActiveCfg = Release|x64
		{2CD5DD16-CDC3-4EA2-935E-BE232119CA0F}.Release|x64.Build.0 = Release|x64
		{AD267656-06B0-4500-9920-6CE2DE889F3C}.Debug|Win32.ActiveCfg = Debug|Win32
		{AD267656-06B0-4500-9920-6CE2DE889F3C}.Debug|Win32.Build.0 = Debug|Win32
		{AD267656-06B0-4500-9920-6CE2DE889F3C}.Debug|x64.ActiveCfg = Debug|x64
		{AD267656-06B0-4500-9920-6CE2DE889F3C}.Debug|x64.Build.0 = Debug|x64
		{AD267656-06B0-4500-9920-6CE2DE889F3C}.Release|Win32.ActiveCfg = Release|Win32
		{AD267656-06B0-4500-9920-6CE2DE889F3C}.Release|Win32.Build.0 = Release|Win32
		{AD267656-06B0-4500-9920-6CE2DE889F3C}.Release|x64.ActiveCfg = Release|x64
		{AD267656-06B0-4500-9920-6CE2DE889F3C}.Release|x64.Build.0 = Release|x64
		{E831C069-2110-414F-BE95-4D5B6A7886DB}.Debug|Win32.ActiveCfg = Debug|Win32
		{E831C069-2110-414F-BE95-4D5B6A7886DB}.Debug|Win32.Build.0 = Debug|Win32
		{E831C069-2110-414F-BE95-4D5B6A7886DB}.Debug|x64.ActiveCfg = Debug|x64
		{E831C069-2110-414F-BE95-4D5B6A7886DB}.Debug|x64.Build.0 = Debug|x64
		{E831C069-2110-414F-BE95-4D5B6A7886DB}.Release|Win32.ActiveCfg = Release|Win32
		{E831C069-2110-414F-BE95-4D5B6A7886DB}.Release|Win32.Build.0 = Release|Win32
		{E831C069-2110-414F-BE95-4D5B6A7886DB}.Release|x64.ActiveCfg = Release|x64
		{E831C069-2110-414F-BE95-4D5B6A7886DB}.Release|x64.Build.0 = Release|x64
		{39131C2B-881A-4FA4-A15A-A0D54A3F1D44}.Debug|Win32.ActiveCfg = Debug|Win32
		{39131C2B-881A-4FA4-A15A-A0D54A3F1D44}.Debug|Win32.Build.0 = Debug|Win32
		{39131C2B-881A-4FA4-A15A-A0D54A3F1D44}.Debug|x64.ActiveCfg = Debug|x64
		{39131C2B-881A-4FA4-A15A-A0D54A3F1D44}.Debug|x64.Build.0 = Debug|x64
		{39131C2B-881A-4FA4-A15A-A0D54A3F1D44}.Release|Win32.ActiveCfg = Release|Win32
		{39131C2B-881A-4FA4-A15A-A0D54A3F1D44}.Release|Win32.Build.0 = Release|Win32
		{39131C2B-881A-4FA4-A15A-A0D54A3F1D44}.Release|x64.ActiveCfg = Release|x64
		{39131C2B-881A-4FA4-A15A-A0D54A3F1D44}.Release|x64.Build.0 = Release|x64
		{EFC9AC11-862C-4C93-8554-9E592CE07F6A}.Debug|Win32.ActiveCfg = Debug|Win32
		{EFC9AC11-862C-4C93-8554-9E592CE07F6A}.Debug|Win32.Build.0 = Debug|Win32
		{EFC9AC11-862C-4C93-8554-9E592CE07F6A}.Debug|x64.ActiveCfg = Debug|x64
		{EFC9AC11-862C-4C93-8554-9E592CE07F6A}.Debug|x64.Build.0 = Debug|x64
		{EFC9AC11-862C-4C93-8554-9E592CE07F6A}.Release|Win32.ActiveCfg = Release|Win32
		{EFC9AC11-862C-4C93-8554-9E592CE07F6A}.Release|Win32.Build.0 = Release|Win32
		{EFC9AC11-862C-4C93-8554-9E592CE07F6A}.Release|x64.ActiveCfg = Release|x64
		{EFC9AC11-862C-4C93-8554-9E592CE07F6A}.Release|x64.Build.0 = Release|x64
		{3955E1B6-C6DE-4846-9C84-6FB254E9EB7C}.Debug|Win32.ActiveCfg = Debug|Win32
		{3955E1B6-C6DE-4846-9C84-6FB254E9EB7C}.Debug|Win32.Build.0 = Debug|Win32
		{3955E1B6-C6DE-4846-9C84-6FB254E9EB7C}.Debug|x64.ActiveCfg = Debug|x64
		{3955E1B6-C6DE-4846-9C84-6FB254E9EB7C}.Debug|x64.Build.0 = Debug|x64
		{3955E1B6-C6DE-4846-9C84-6FB254E9EB7C}.Release|Win32.ActiveCfg = Release|Win32
		{3955E1B6-C6DE-4846-9C84-6FB254E9EB7C}.Release|Win32.Build.0 = Release|Win32
		{3955E1B6-C6DE-4846-9C84-6FB254E9EB7C}.Release|x64.ActiveCfg = Release|x64
		{3955E1B6-C6DE-4846-9C84-6FB254E9EB7C}.Release|x64.Build.0 = Release|x64
		{2261A3F5-3129-4663-93C4-F09ED196BBCC}.Debug|Win32.ActiveCfg = Debug|Win32
		{2261A3F5-3129-4663-93C4-F09ED196BBCC}.Debug|Win32.Build.0 = Debug|Win32
		{2261A3F5-3129-4663-93C4-F09ED196BBCC}.Debug|x64.ActiveCfg = Debug|x64
		{2261A3F5-3129-4663-93C4-F09ED196BBCC}.Debug|x64.Build.0 = Debug|x64
		{2261A3F5-3129-4663-93C4-F09ED196BBCC}.Release|Win32.ActiveCfg = Release|Win32
		{2261A3F5-3129-4663-93C4-F09ED196BBCC}.Release|Win32.Build.0 = Release|Win32
		{2261A3F5-3129-4663-93C4-F09ED196BBCC}.Release|x64.ActiveCfg = Release|x64
		{2261A3F5-3129-4663-93C4-F09ED196BBCC}.Release|x64.Build.0 = Release|x64
		{D968EDA4-E340-4635-A46F-520787C2BF2B}.Debug|Win32.ActiveCfg = Debug|Win32
		{D968EDA4-E340-4635-A46F-520787C2BF2B}.Debug|Win32.Build.0 = Debug|Win32
		{D968EDA4-E340-4635-A46F-520787C2BF2B}.Debug|x64.ActiveCfg = Debug|x64
		{D968EDA4-E340-4635-A46F-520787C2BF2B}.Debug|x64.Build.0 = Debug|x64
		{D968EDA4-E340-4635-A46F-520787C2BF2B}.Release|Win32.ActiveCfg = Release|Win32
		{D968EDA4-E340-4635-A46F-520787C2BF2B}.Release|Win32.Build.0 = Release|Win32
		{D968EDA4-E340-4635-A46F-520787C2BF2B}.Release|x64.ActiveCfg = Release|x64
		{D968EDA4-E340-4635-A46F-520787C2BF2B}.Release|x64.Build.0 = Release|x64
		{9E30F5BB-C77F-4FD8-9738-DD392B6F8AE1}.Debug|Win32.ActiveCfg = Debug|Win32
		{9E30F5BB-C77F-4FD8-9738-DD392B6F8AE1}.Debug|Win32.Build.0 = Debug|Win32
		{9E30F5BB-C77F-4FD8-9738-DD392B6F8AE1}.Debug|x64.ActiveCfg = Debug|x64
		{9E30F5BB-C77F-4FD8-9738-DD392B6F8AE1}.Debug|x64.Build.0 = Debug|x64
		{9E30F5BB-C77F-4FD8-9738-DD392B6F8AE1}.Release|Win32.ActiveCfg = Release|Win32
		{9E30F5BB-C77F-4FD8-9738-DD392B6F8AE1}.Release|Win32.Build.0 = Release|Win32
		{9E30F5BB-C77F-4FD8-9738-DD392B6F8AE1}.Release|x64.ActiveCfg = Release|x64
		{9E30F5BB-C77F-4FD8-9738-DD392B6F8AE1}.Release|x64.Build.0 = Release|x64
		{BAEDCA1F-0C95-4D1C-86D8-09E54B20ABB6}.Debug|Win32.ActiveCfg = Debug|Win32
		{BAEDCA1F-0C95-4D1C-86D8-09E54B20ABB6}.Debug|Win32.Build.0 = Debug|Win32
		{BAEDCA1F-0C95-4D1C-86D8-09E54B20ABB6}.Debug|x64.ActiveCfg = Debug|x64
		{BAEDCA1F-0C95-4D1C-86D8-09E54B20ABB6}.Debug|x64.Build.0 = Debug|x64
		{BAEDCA1F-0C95-4D1C-86D8-09E54B20ABB6}.Release|Win32.ActiveCfg = Release|Win32
		{BAEDCA1F-0C95-4D1C-86D8-09E54B20ABB6}.Release|Win32.Build.0 = Release|Win32
		{BAEDCA1F-0C95-4D1C-86D8-09E54B20ABB6}.Release|x64.ActiveCfg = Release|x64
		{BAEDCA1F-0C95-4D1C-86D8-09E54B20ABB6}.Release|x64.Build.0 = Release|x64
		{FAF1307C-FAEB-4C61-8781-0072F5119543}.Debug|Win32.ActiveCfg = Debug|Win32
		{FAF1307C-FAEB-4C61-8781-0072F5119543}.Debug|Win32.Build.0 = Debug|Win32
		{FAF1307C-FAEB-4C61-8781-0072F5119543}.Debug|x64.ActiveCfg = Debug|x64
		{FAF1307C-FAEB-4C61-8781-0072F5119543}.Debug|x64.Build.0 = Debug|x64
		{FAF1307C-FAEB-4C61-8781-0072F5119543}.Release|Win32.ActiveCfg = Release|Win32
		{FAF1307C-FAEB-4C61-8781-0072F5119543}.Release|Win32.Build.0 = Release|Win32
		{FAF1307C-FAEB-4C61-8781-0072F5119543}.Release|x64.ActiveCfg = Release|x64
		{FAF1307C-FAEB-4C61-8781-0072F5119543}.Release|x64.Build.0 = Release|x64
		{8BDFDECD-D815-47FF-B781-A5B86FABDD2A}.Debug|Win32.ActiveCfg = Debug|Win32
		{8BDFDECD-D815-47FF-B781-A5B86FABDD2A}.Debug|Win32.Build.0 = Debug|Win32
		{8BDFDECD-D815-47FF-B781-A5B86FABDD2A}.Debug|x64.ActiveCfg = Debug|x64
		{8BDFDECD-D815-47FF-B781-A5B86FABDD2A}.Debug|x64.Build.0 = Debug|x64
		{8BDFDECD-D815-47FF-B781-A5B86FABDD2A}.Release|Win32.ActiveCfg = Release|Win32
		{8BDFDECD-D815-47FF-B781-A5B86FABDD2A}.Release|Win32.Build.0 = Release|Win32
		{8BDFDECD-D815-47FF-B781-A5B86FABDD2A}.Release|x64.ActiveCfg = Release|x64
		{8BDFDECD-D815-47FF-B781-A5B86FABDD2A}.Release|x64.Build.0 = Release|x64
		{96BAC536-9E81-4379-AE32-879AEFC81F08}.Debug|Win32.ActiveCfg = Debug|Win32
		{96BAC536-9E81-4379-AE32-879AEFC81F08}.Debug|Win32.Build.0 = Debug|Win32
		{96BAC536-9E81-4379-AE32-879AEFC81F08}.Debug|x64.ActiveCfg = Debug|x64
		{96BAC536-9E81-4379-AE32-879AEFC81F08}.Debug|x64.Build.0 = Debug|x64
		{96BAC536-9E81-4379-AE32-879AEFC81F08}.Release|Win32.ActiveCfg = Release|Win32
		{96BAC536-9E81-4379-AE32-879AEFC81F08}.Release|Win32.Build.0 = Release|Win32
		{96BAC536-9E81-4379-AE32-879AEFC81F08}.Release|x64.ActiveCfg = Release|x64
		{96BAC536-9E81-4379-AE32-879AEFC81F08}.Release|x64.Build.0 = Release|x64
		{305C0994-AEB6-41E4-B91A-6C7DD255A41C}.Debug|Win32.ActiveCfg = Debug|Win32
		{305C0994-AEB6-41E4-B91A-6C7DD255A41C}.Debug|Win32.Build.0 = Debug|Win32
		{305C0994-AEB6-41E4-B91A-6C7DD255A41C}.Debug|x64.ActiveCfg = Debug|x64
		{305C0994-AEB6-41E4-B91A-6C7DD255A41C}.Debug|x64.Build.0 = Debug|x64
		{305C0994-AEB6-41E4-B91A-6C7DD255A41C}.Release|Win32.ActiveCfg = Release|Win32
		{305C0994-AEB6-41E4-B91A-6C7DD255A41C}.Release|Win32.Build.0 = Release|Win32
		{305C0994-AEB6-41E4-B91A-6C7DD255A41C}.Release|x64.ActiveCfg = Release|x64
		{305C0994-AEB6-41E4-B91A-6C7DD255A41C}.Release|x64.Build.0 = Release|x64
		{8D19239D-F035-44A1-BFB9-BED9C2885518}.Debug|Win32.ActiveCfg = Debug|Win32
		{8D19239D-F035-44A1-BFB9-BED9C2885518}.Debug|Win32.Build.0 = Debug|Win32
		{8D19239D-F035-44A1-BFB9-BED9C2885518}.Debug|x64.ActiveCfg = Debug|x64
		{8D19239D-F035-44A1-BFB9-BED9C2885518}.Debug|x64.Build.0 = Debug|x64
		{8D19239D-F035-44A1-BFB9-BED9C2885518}.Release|Win32.ActiveCfg = Release|Win32
		{8D19239D-F035-44A1-BFB9-BED9C2885518}.Release|Win32.Build.0 = Release|Win32
		{8D19239D-F035-44A1-BFB9-BED9C2885518}.Release|x64.ActiveCfg = Release|x64
		{8D19239D-F035-44A1-BFB9-BED9C2885518}.Release|x64.Build.0 = Release|x64
		{E2B5F2FF-77BB-4CEC-9C14-DE98D259BBE4}.Debug|Win32.ActiveCfg = Debug|Win32
		{E2B5F2FF-77BB-4CEC-9C14-DE98D259BBE4}.Debug|Win32.Build.0 = Debug|Win32
		{E2B5F2FF-77BB-4CEC-9C14-DE98D259BBE4}.Debug|x64.ActiveCfg = Debug|x64
		{E2B5F2FF-77BB-4CEC-9C14-DE98D259BBE4}.Debug|x64.Build.0 = Debug|x64
		{E2B5F2FF-77BB-4CEC-9C14-DE98D259BBE4}.Release|Win32.ActiveCfg = Release|Win32
		{E2B5F2FF-77BB-4CEC-9C14-DE98D259BBE4}.Release|Win32.Build.0 = Release|Win32
		{E2B5F2FF-77BB-4CEC-9C14-DE98D259BBE4}.Release|x64.ActiveCfg = Release|x64
		{E2B5F2FF-77BB-4CEC-9C14-DE98D259BBE4}.Release|x64.Build.0 = Release|x64
		{5BA111F2-9716-41FB-A6D9-EDC8516373DA}.Debug|Win32.ActiveCfg = Debug|Win32
		{5BA111F2-9716-41FB-A6D9-EDC8516373DA}.Debug|Win32.Build.0 = Debug|Win32
		{5BA111F2-9716-41FB-A6D9-EDC8516373DA}.Debug|x64.ActiveCfg = Debug|x64
		{5BA111F2-9716-41FB-A6D9-EDC8516373DA}.Debug|x64.Build.0 = Debug|x64
		{5BA111F2-9716-41FB-A6D9-EDC8516373DA}.Release|Win32.ActiveCfg = Release|Win32
		{5BA111F2-9716-41FB-A6D9-EDC8516373DA}.Release|Win32.Build.0 = Release|Win32
		{5BA111F2-9716-41FB-A6D9-EDC8516373DA}.Release|x64.ActiveCfg = Release|x64
		{5BA111F2-9716-41FB-A6D9-EDC8516373DA}.Release|x64.Build.0 = Release|x64
		{202C8217-B80A-411A-B766-9C978F32C211}.Debug|Win32.ActiveCfg = Debug|Win32
		{202C8217-B80A-411A-B766-9C978F32C211}.Debug|Win32.Build.0 = Debug|Win32
		{202C8217-B80A-411A-B766-9C978F32C211}.Debug|x64.ActiveCfg = Debug|x64
		{202C8217-B80A-411A-B766-9C978F32C211}.Debug|x64.Build.0 = Debug|x64
		{202C8217-B80A-411A-B766-9C978F32C211}.Release|Win32.ActiveCfg = Release|Win32
		{202C8217-B80A-411A-B766-9C978F32C211}.Release|Win32.Build.0 = Release|Win32
		{202C8217-B80A-411A-B766-9C978F32C211}.Release|x64.ActiveCfg = Release|x64
		{202C8217-B80A-411A-B766-9C978F32C211}.Release|x64.Build.0 = Release|x64
		{2BC24929-865D-4209-9681-27FDBAB831C0}.Debug|Win32.ActiveCfg = Debug|Win32
		{2BC24929-865D-4209-9681-27FDBAB831C0}.Debug|Win32.Build.0 = Debug|Win32
		{2BC24929-865D-4209-9681-27FDBAB831C0}.Debug|x64.ActiveCfg = Debug|x64
		{2BC24929-865D-4209-9681-27FDBAB831C0}.Debug|x64.Build.0 = Debug|x64
		{2BC24929-865D-4209-9681-27FDBAB831C0}.Release|Win32.ActiveCfg = Release|Win32
		{2BC24929-865D-4209-9681-27FDBAB831C0}.Release|Win32.Build.0 = Release|Win32
		{2BC24929-865D-4209-9681-27FDBAB831C0}.Release|x64.ActiveCfg = Release|x64
		{2BC24929-865D-4209-9681-27FDBAB831C0}.Release|x64.Build.0 = Release|x64
		{83E9DAAA-795A-42DF-90A2-EB4D2A1482F7}.Debug|Win32.ActiveCfg = Debug|Win32
		{83E9DAAA-795A-42DF-90A2-EB4D2A1482F7}.Debug|Win32.Build.0 = Debug|Win32
		{83E9DAAA-795A-42DF-90A2-EB4D2A1482F7}.Debug|x64.ActiveCfg = Debug|x64
		{83E9DAAA-795A-42DF-90A2-EB4D2A1482F7}.Debug|x64.Build.0 = Debug|x64
		{83E9DAAA-795A-42DF-90A2-EB4D2A1482F7}.Release|Win32.ActiveCfg = Release|Win32
		{83E9DAAA-795A-42DF-90A2-EB4D2A1482F7}.Release|Win32.Build.0 = Release|Win32
		{83E9DAAA-795A-42DF-90A2-EB4D2A1482F7}.Release|x64.ActiveCfg = Release|x64
		{83E9DAAA-795A-42DF-90A2-EB4D2A1482F7}.Release|x64.Build.0 = Release|x64
		{E6803FE5-2BD3-4FED-84E7-618C459AC341}.Debug|Win32.ActiveCfg = Debug|Win32
		{E6803FE5-2BD3-4FED-84E7-618C459AC341}.Debug|Win32.Build.0 = Debug|Win32
		{E6803FE5-2BD3-4FED-84E7-618C459AC341}.Debug|x64.ActiveCfg = Debug|x64
		{E6803FE5-2BD3-4FED-84E7-618C459AC341}.Debug|x64.Build.0 = Debug|x64
		{E6803FE5-2BD3-4FED-84E7-618C459AC341}.Release|Win32.ActiveCfg = Release|Win32
		{E6803FE5-2BD3-4FED-84E7-618C459AC341}.Release|Win32.Build.0 = Release|Win32
		{E6803FE5-2BD3-4FED-84E7-618C459AC341}.Release|x64.ActiveCfg = Release|x64
		{E6803FE5-2BD3-4FED-84E7-618C459AC341}.Release|x64.Build.0 = Release|x64
		{1396669A-F127-448F-8A93-D696678A1E8A}.Debug|Win32.ActiveCfg = Debug|Win32
		{1396669A-F127-448F-8A93-D696678A1E8A}.Debug|Win32.Build.0 = Debug|Win32
		{1396669A-F127-448F-8A93-D696678A1E8A}.Debug|x64.ActiveCfg = Debug|x64
		{1396669A-F127-448F-8A93-D696678A1E8A}.Debug|x64.Build.0 = Debug|x64
		{1396669A-F127-448F-8A93-D696678A1E8A}.Release|Win32.ActiveCfg = Release|Win32
		{1396669A-F127-448F-8A93-D696678A1E8A}.Release|Win32.Build.0 = Release|Win32
		{1396669A-F127-448F-8A93-D696678A1E8A}.Release|x64.ActiveCfg = Release|x64
		{1396669A-F127-448F-8A93-D696678A1E8A}.Release|x64.Build.0 = Release|x64
		{D15575D2-05D2-457B-8CC5-7B4076FECFFE}.Debug|Win32.ActiveCfg = Debug|Win32
		{D15575D2-05D2-457B-8CC5-7B4076FECFFE}.Debug|Win32.Build.0 = Debug|Win32
		{D15575D2-05D2-457B-8CC5-7B4076FECFFE}.Debug|x64.ActiveCfg = Debug|x64
		{D15575D2-05D2-457B-8CC5-7B4076FECFFE}.Debug|x64.Build.0 = Debug|x64
		{D15575D2-05D2-457B-8CC5-7B4076FECFFE}.Release|Win32.ActiveCfg = Release|Win32
		{D15575D2-05D2-457B-8CC5-7B4076FECFFE}.Release|Win32.Build.0 = Release|Win32
		{D15575D2-05D2-457B-8CC5-7B4076FECFFE}.Release|x64.ActiveCfg = Release|x64
		{D15575D2-05D2-457B-8CC5-7B4076FECFFE}.Release|x64.Build.0 = Release|x64
		{07FE10BE-2A72-4EBD-A728-8D7FE61CED48}.Debug|Win32.ActiveCfg = Debug|Win32
		{07FE10BE-2A72-4EBD-A728-8D7FE61CED48}.Debug|Win32.Build.0 = Debug|Win32
		{07FE10BE-2A72-4EBD-A728-8D7FE61CED48}.Debug|x64.ActiveCfg = Debug|x64
		{07FE10BE-2A72-4EBD-A728-8D7FE61CED48}.Debug|x64.Build.0 = Debug|x64
		{07FE10BE-2A72-4EBD-A728-8D7FE61CED48}.Release|Win32.ActiveCfg = Release|Win32
		{07FE10BE-2A72-4EBD-A728-8D7FE61CED48}.Release|Win32.Build.0 = Release|Win32
		{07FE10BE-2A72-4EBD-A728-8D7FE61CED48}.Release|x64.ActiveCfg = Release|x64
		{07FE10BE-2A72-4EBD-A728-8D7FE61CED48}.Release|x64.Build.0 = Release|x64
		{831E9345-2006-41A9-8C3F-87B766AF17CC}.Debug|Win32.ActiveCfg = Debug|Win32
		{831E9345-2006-41A9-8C3F-87B766AF17CC}.Debug|Win32.Build.0 = Debug|Win32
		{831E9345-2006-41A9-8C3F-87B766AF17CC}.Debug|x64.ActiveCfg = Debug|x64
		{831E9345-2006-41A9-8C3F-87B766AF17CC}.Debug|x64.Build.0 = Debug|x64
		{831E9345-2006-41A9-8C3F-87B766AF17CC}.Release|Win32.ActiveCfg = Release|Win32
		{831E9345-2006-41A9-8C3F-87B766AF17CC}.Release|Win32.Build.0 = Release|Win32
		{831E9345-2006-41A9-8C3F-87B766AF17CC}.Release|x64.ActiveCfg = Release|x64
		{831E9345-2006-41A9-8C3F-87B766AF17CC}.Release|x64.Build.0 = Release|x64
		{6D71B626-7516-4138-8066-F511FD53A190}.Debug|Win32.ActiveCfg = Debug|Win32
		{6D71B626-7516-4138-8066-F511FD53A190}.Debug|Win32.Build.0 = Debug|Win32
		{6D71B626-7516-4138-8066-F511FD53A190}.Debug|x64.ActiveCfg = Debug|x64
		{6D71B626-7516-4138-8066-F511FD53A190}.Debug|x64.Build.0 = Debug|x64
		{6D71B626-7516-4138-8066-F511FD53A190}.Release|Win32.ActiveCfg = Release|Win32
		{6D71B626-7516-4138-8066-F511FD53A190}.Release|Win32.Build.0 = Release|Win32
		{6D71B626-7516-4138-8066-F511FD53A190}.Release|x64.ActiveCfg = Release|x64
		{6D71B626-7516-4138-8066-F511FD53A190}.Release|x64.Build.0 = Release|x64
		{09D0F35A-F2C5-4788-80C4-CD2EF1E1BD75}.Debug|Win32.ActiveCfg = Debug|Win32
		{09D0F35A-F2C5-4788-80C4-CD2EF1E1BD75}.Debug|Win32.Build.0 = Debug|Win32
		{09D0F35A-F2C5-4788-80C4-CD2EF1E1BD75}.Debug|x64.ActiveCfg = Debug|x64
		{09D0F35A-F2C5-4788-80C4-CD2EF1E1BD75}.Debug|x64.Build.0 = Debug|x64
		{09D0F35A-F2C5-4788-80C4-CD2EF1E1BD75}.Release|Win32.ActiveCfg = Release|Win32
		{09D0F35A-F2C5-4788-80C4-CD2EF1E1BD75}.Release|Win32.Build.0 = Release|Win32
		{09D0F35A-F2C5-4788-80C4-CD2EF1E1BD75}.Release|x64.ActiveCfg = Release|x64
		{09D0F35A-F2C5-4788-80C4-CD2EF1E1BD75}.Release|x64.Build.0 = Release|x64
		{DB61248A-D708-4BD3-8342-3E1527BE31AD}.Debug|Win32.ActiveCfg = Debug|Win32
		{DB61248A-D708-4BD3-8342-3E1527BE31AD}.Debug|Win32.Build.0 = Debug|Win32
		{DB61248A-D708-4BD3-8342-3E1527BE31AD}.Debug|x64.ActiveCfg = Debug|x64
		{DB61248A-D708-4BD3-8342-3E1527BE31AD}.Debug|x64.Build.0 = Debug|x64
		{DB61248A-D708-4BD3-8342-3E1527BE31AD}.Release|Win32.ActiveCfg = Release|Win32
		{DB61248A-D708-4BD3-8342-3E1527BE31AD}.Release|Win32.Build.0 = Release|Win32
		{DB61248A-D708-4BD3-8342-3E1527BE31AD}.Release|x64.ActiveCfg = Release|x64
		{DB61248A-D708-4BD3-8342-3E1527BE31AD}.Release|x64.Build.0 = Release|x64
		{3097B94C-C11E-4C55-931E-44B1807EE190}.Debug|Win32.ActiveCfg = Debug|Win32
		{3097B94C-C11E-4C55-931E-44B1807EE190}.Debug|Win32.Build.0 = Debug|Win32
		{3097B94C-C11E-4C55-931E-44B1807EE190}.Debug|x64.ActiveCfg = Debug|x64
		{3097B94C-C11E-4C55-931E-44B1807EE190}.Debug|x64.Build.0 = Debug|x64
		{3097B94C-C11E-4C55-931E-44B1807EE190}.Release|Win32.ActiveCfg = Release|Win32
		{3097B94C-C11E-4C55-931E-44B1807EE190}.Release|Win32.Build.0 = Release|Win32
		{3097B94C-C11E-4C55-931E-44B1807EE190}.Release|x64.ActiveCfg = Release|x64
		{3097B94C-C11E-4C55-931E-44B1807EE190}.Release|x64.Build.0 = Release|x64
		{B4CDECB5-C22F-4CAF-B2C8-55CB324DE948}.Debug|Win32.ActiveCfg = Debug|Win32
		{B4CDECB5-C22F-4CAF-B2C8-55CB324DE948}.Debug|Win32.Build.0 = Debug|Win32
		{B4CDECB5-C22F-4CAF-B2C8-55CB324DE948}.Debug|x64.ActiveCfg = Debug|x64
		{B4CDECB5-C22F-4CAF-B2C8-55CB324DE948}.Debug|x64.Build.0 = Debug|x64
		{B4CDECB5-C22F-4CAF-B2C8-55CB324DE948}.Release|Win32.ActiveCfg = Release|Win32
		{B4CDECB5-C22F-4CAF-B2C8-55CB324DE948}.Release|Win32.Build.0 = Release|Win32
		{B4CDECB5-C22F-4CAF-B2C8-55CB324DE948}.Release|x64.ActiveCfg = Release|x64
		{B4CDECB5-C22F-4CAF-B2C8-55CB324DE948}.Release|x64.Build.0 = Release|x64
		{2C647F0A-8473-43ED-A97B-8EBDB92CD589}.Debug|Win32.ActiveCfg = Debug|Win32
		{2C647F0A-8473-43ED-A97B-8EBDB92CD589}.Debug|Win32.Build.0 = Debug|Win32
		{2C647F0A-8473-43ED-A97B-8EBDB92CD589}.Debug|x64.ActiveCfg = Debug|x64
		{2C647F0A-8473-43ED-A97B-8EBDB92CD589}.Debug|x64.Build.0 = Debug|x64
		{2C647F0A-8473-43ED-A97B-8EBDB92CD589}.Release|Win32.ActiveCfg = Release|Win32
		{2C647F0A-8473-43ED-A97B-8EBDB92CD589}.Release|Win32.Build.0 = Release|Win32
		{2C647F0A-8473-43ED-A97B-8EBDB92CD589}.Release|x64.ActiveCfg = Release|x64
		{2C647F0A-8473-43ED-A97B-8EBDB92CD589}.Release|x64.Build.0 = Release|x64
		{720F41CE-0DBE-4908-B5E8-8DD0185537F3}.Debug|Win32.ActiveCfg = Debug|Win32
		{720F41CE-0DBE-4908-B5E8-8DD0185537F3}.Debug|Win32.Build.0 = Debug|Win32
		{720F41CE-0DBE-4908-B5E8-8DD0185537F3}.Debug|x64.ActiveCfg = Debug|x64
		{720F41CE-0DBE-4908-B5E8-8DD0185537F3}.Debug|x64.Build.0 = Debug|x64
		{720F41CE-0DBE-4908-B5E8-8DD0185537F3}.Release|Win32.ActiveCfg = Release|Win32
		{720F41CE-0DBE-4908-B5E8-8DD0185537F3}.Release|Win32.Build.0 = Release|Win32
		{720F41CE-0DBE-4908-B5E8-8DD0185537F3}.Release|x64.ActiveCfg = Release|x64
		{720F41CE-0DBE-4908-B5E8-8DD0185537F3}.Release|x64.Build.0 = Release|x64
		{7E66857A-304F-484A-A96A-8FFCB7674E2C}.Debug|Win32.ActiveCfg = Debug|Win32
		{7E66857A-304F-484A-A96A-8FFCB7674E2C}.Debug|Win32.Build.0 = Debug|Win32
		{7E66857A-304F-484A-A96A-8FFCB7674E2C}.Debug|x64.ActiveCfg = Debug|x64
		{7E66857A-304F-484A-A96A-8FFCB7674E2C}.Debug|x64.Build.0 = Debug|x64
		{7E66857A-304F-484A-A96A-8FFCB7674E2C}.Release|Win32.ActiveCfg = Release|Win32
		{7E66857A-304F-484A-A96A-8FFCB7674E2C}.Release|Win32.Build.0 = Release|Win32
		{7E66857A-304F-484A-A96A-8FFCB7674E2C}.Release|x64.ActiveCfg = Release|x64
		{7E66857A-304F-484A-A96A-8FFCB7674E2C}.Release|x64.Build.0 = Release|x64
	EndGlobalSection
	GlobalSection(SolutionProperties) = preSolution
		HideSolutionNode = FALSE
	EndGlobalSection
	GlobalSection(NestedProjects) = preSolution
		{2CD5DD16-CDC3-4EA2-935E-BE232119CA0F} = {AD54582C-9E0A-4CC7-96A4-091D233E23EB}
		{AD267656-06B0-4500-9920-6CE2DE889F3C} = {AD54582C-9E0A-4CC7-96A4-091D233E23EB}
		{E831C069-2110-414F-BE95-4D5B6A7886DB} = {AD54582C-9E0A-4CC7-96A4-091D233E23EB}
		{39131C2B-881A-4FA4-A15A-A0D54A3F1D44} = {AD54582C-9E0A-4CC7-96A4-091D233E23EB}
		{EFC9AC11-862C-4C93-8554-9E592CE07F6A} = {AD54582C-9E0A-4CC7-96A4-091D233E23EB}
		{3955E1B6-C6DE-4846-9C84-6FB254E9EB7C} = {AD54582C-9E0A-4CC7-96A4-091D233E23EB}
		{2261A3F5-3129-4663-93C4-F09ED196BBCC} = {AD54582C-9E0A-4CC7-96A4-091D233E23EB}
		{D968EDA4-E340-4635-A46F-520787C2BF2B} = {AD54582C-9E0A-4CC7-96A4-091D233E23EB}
		{9E30F5BB-C77F-4FD8-9738-DD392B6F8AE1} = {AD54582C-9E0A-4CC7-96A4-091D233E23EB}
		{BAEDCA1F-0C95-4D1C-86D8-09E54B20ABB6} = {AD54582C-9E0A-4CC7-96A4-091D233E23EB}
		{FAF1307C-FAEB-4C61-8781-0072F5119543} = {AD54582C-9E0A-4CC7-96A4-091D233E23EB}
		{8BDFDECD-D815-47FF-B781-A5B86FABDD2A} = {BA4BAE62-2C80-4B42-A3CA-AFCC29DE6192}
		{96BAC536-9E81-4379-AE32-879AEFC81F08} = {BA4BAE62-2C80-4B42-A3CA-AFCC29DE6192}
		{305C0994-AEB6-41E4-B91A-6C7DD255A41C} = {BA4BAE62-2C80-4B42-A3CA-AFCC29DE6192}
		{8D19239D-F035-44A1-BFB9-BED9C2885518} = {BA4BAE62-2C80-4B42-A3CA-AFCC29DE6192}
		{E2B5F2FF-77BB-4CEC-9C14-DE98D259BBE4} = {BA4BAE62-2C80-4B42-A3CA-AFCC29DE6192}
		{5BA111F2-9716-41FB-A6D9-EDC8516373DA} = {BA4BAE62-2C80-4B42-A3CA-AFCC29DE6192}
		{202C8217-B80A-411A-B766-9C978F32C211} = {BA4BAE62-2C80-4B42-A3CA-AFCC29DE6192}
		{2BC24929-865D-4209-9681-27FDBAB831C0} = {1E7E8396-6C44-4387-B3D6-44A7E1A40E6A}
		{83E9DAAA-795A-42DF-90A2-EB4D2A1482F7} = {1E7E8396-6C44-4387-B3D6-44A7E1A40E6A}
		{E6803FE5-2BD3-4FED-84E7-618C459AC341} = {1E7E8396-6C44-4387-B3D6-44A7E1A40E6A}
		{1396669A-F127-448F-8A93-D696678A1E8A} = {1E7E8396-6C44-4387-B3D6-44A7E1A40E6A}
		{D15575D2-05D2-457B-8CC5-7B4076FECFFE} = {1E7E8396-6C44-4387-B3D6-44A7E1A40E6A}
		{07FE10BE-2A72-4EBD-A728-8D7FE61CED48} = {1E7E8396-6C44-4387-B3D6-44A7E1A40E6A}
		{831E9345-2006-41A9-8C3F-87B766AF17CC} = {1E7E8396-6C44-4387-B3D6-44A7E1A40E6A}
		{6D71B626-7516-4138-8066-F511FD53A190} = {1E7E8396-6C44-4387-B3D6-44A7E1A40E6A}
		{09D0F35A-F2C5-4788-80C4-CD2EF1E1BD75} = {1E7E8396-6C44-4387-B3D6-44A7E1A40E6A}
		{DB61248A-D708-4BD3-8342-3E1527BE31AD} = {1E7E8396-6C44-4387-B3D6-44A7E1A40E6A}
		{3097B94C-C11E-4C55-931E-44B1807EE190} = {1E7E8396-6C44-4387-B3D6-44A7E1A40E6A}
		{B4CDECB5-C22F-4CAF-B2C8-55CB324DE948} = {1E7E8396-6C44-4387-B3D6-44A7E1A40E6A}
		{2C647F0A-8473-43ED-A97B-8EBDB92CD589} = {1E7E8396-6C44-4387-B3D6-44A7E1A40E6A}
		{720F41CE-0DBE-4908-B5E8-8DD0185537F3} = {1E7E8396-6C44-4387-B3D6-44A7E1A40E6A}
		{7E66857A-304F-484A-A96A-8FFCB7674E2C} = {1E7E8396-6C44-4387-B3D6-44A7E1A40E6A}
	EndGlobalSection
EndGlobal
