
Microsoft Visual Studio Solution File, Format Version 12.00
# Visual Studio 2013
VisualStudioVersion = 12.0.30110.0
MinimumVisualStudioVersion = 10.0.40219.1
Project("{8BC9CEB8-8B4A-11D0-8D11-00A0C91BC942}") = "random_01", "random_01\random_01.vcxproj", "{CE7982EB-5507-41BD-8CDF-EDD4736D6E48}"
EndProject
Project("{8BC9CEB8-8B4A-11D0-8D11-00A0C91BC942}") = "random_02", "random_02\random_02.vcxproj", "{D3812328-B249-4291-9861-27B159C2780E}"
EndProject
Project("{8BC9CEB8-8B4A-11D0-8D11-00A0C91BC942}") = "random_03", "random_03\random_03.vcxproj", "{0AF3B593-4617-47B2-B597-7B56E5B1763D}"
EndProject
Project("{8BC9CEB8-8B4A-11D0-8D11-00A0C91BC942}") = "random_04", "random_04\random_04.vcxproj", "{64D039E4-6DC0-4BDE-87CD-85E858364BCC}"
EndProject
Project("{8BC9CEB8-8B4A-11D0-8D11-00A0C91BC942}") = "random_05", "random_05\random_05.vcxproj", "{312E0496-500F-45F8-A925-720B1CEB4872}"
EndProject
Project("{8BC9CEB8-8B4A-11D0-8D11-00A0C91BC942}") = "random_06", "random_06\random_06.vcxproj", "{4164BE8D-6401-4FC8-BB6E-2F9CAA3ED948}"
EndProject
Project("{8BC9CEB8-8B4A-11D0-8D11-00A0C91BC942}") = "random_07", "random_07\random_07.vcxproj", "{06DAA64B-930A-4EF4-8DD7-1AAFF5C4A228}"
EndProject
Project("{8BC9CEB8-8B4A-11D0-8D11-00A0C91BC942}") = "thread_01", "thread_01\thread_01.vcxproj", "{80448D0B-59AB-4ED6-9318-7BD072E9F0CA}"
EndProject
Project("{8BC9CEB8-8B4A-11D0-8D11-00A0C91BC942}") = "thread_02", "thread_02\thread_02.vcxproj", "{50490866-7392-4337-B1B0-36095A97432C}"
EndProject
Project("{8BC9CEB8-8B4A-11D0-8D11-00A0C91BC942}") = "thread_03", "thread_03\thread_03.vcxproj", "{3B720AA3-F902-4A25-A0CE-83603972F134}"
EndProject
Project("{8BC9CEB8-8B4A-11D0-8D11-00A0C91BC942}") = "thread_04", "thread_04\thread_04.vcxproj", "{1727F17B-913B-4ED0-B17B-F80C6EA4C325}"
EndProject
Project("{8BC9CEB8-8B4A-11D0-8D11-00A0C91BC942}") = "thread_05", "thread_05\thread_05.vcxproj", "{E1402238-1B29-4ABF-94C4-540948BDACC4}"
EndProject
Project("{8BC9CEB8-8B4A-11D0-8D11-00A0C91BC942}") = "thread_06", "thread_06\thread_06.vcxproj", "{A6BC49F7-7EA9-41CC-90D4-9737F2BD76EA}"
EndProject
Project("{8BC9CEB8-8B4A-11D0-8D11-00A0C91BC942}") = "thread_07", "thread_07\thread_07.vcxproj", "{A5F878C7-B40F-4C0E-BFC7-3C8D24E28F69}"
EndProject
Project("{8BC9CEB8-8B4A-11D0-8D11-00A0C91BC942}") = "thread_08", "thread_08\thread_08.vcxproj", "{3432D030-4DEA-4539-B152-59AA9B4DCB4D}"
EndProject
Project("{8BC9CEB8-8B4A-11D0-8D11-00A0C91BC942}") = "thread_09", "thread_09\thread_09.vcxproj", "{19D1004B-FCBE-4139-9EFD-D0FB92655680}"
EndProject
Project("{2150E333-8FDC-42A3-9474-1A3956D46DE8}") = "random", "random", "{AAFDCE91-9AAB-4367-BC81-44815FD0EFFD}"
EndProject
Project("{2150E333-8FDC-42A3-9474-1A3956D46DE8}") = "thread", "thread", "{775A4F6F-992D-4F40-BBDC-AA80F89D6BEA}"
EndProject
Project("{8BC9CEB8-8B4A-11D0-8D11-00A0C91BC942}") = "Log_01", "Log_01\Log_01.vcxproj", "{575ACCE8-BAF1-4ABB-B642-915B73861CC8}"
EndProject
Project("{8BC9CEB8-8B4A-11D0-8D11-00A0C91BC942}") = "Log_02", "Log_02\Log_02.vcxproj", "{6D23F7EC-00D8-41B1-B5AC-32C8CCCFE7C3}"
EndProject
Project("{8BC9CEB8-8B4A-11D0-8D11-00A0C91BC942}") = "Log_03", "Log_03\Log_03.vcxproj", "{C9D82CD2-2619-43BF-854F-C2A34D64B209}"
EndProject
Project("{8BC9CEB8-8B4A-11D0-8D11-00A0C91BC942}") = "Log_04", "Log_04\Log_04.vcxproj", "{9F730D4A-6908-4578-A5CF-2551BA78F13D}"
EndProject
Project("{8BC9CEB8-8B4A-11D0-8D11-00A0C91BC942}") = "Log_05", "Log_05\Log_05.vcxproj", "{ADDB9D67-968C-4CAB-98A0-95164998E37F}"
EndProject
Project("{8BC9CEB8-8B4A-11D0-8D11-00A0C91BC942}") = "Log_06", "Log_06\Log_06.vcxproj", "{1C0BF896-7BE5-4DEE-B2D0-09C73B293F8B}"
EndProject
Project("{8BC9CEB8-8B4A-11D0-8D11-00A0C91BC942}") = "Log_07", "Log_07\Log_07.vcxproj", "{A1542E75-C039-48C7-A7B1-4D6D7616BF47}"
EndProject
Project("{8BC9CEB8-8B4A-11D0-8D11-00A0C91BC942}") = "Log_08", "Log_08\Log_08.vcxproj", "{2BF62B14-7FE1-4F6A-834B-68398DAC4DE8}"
EndProject
Project("{2150E333-8FDC-42A3-9474-1A3956D46DE8}") = "Log", "Log", "{51057704-BD7B-45B0-A784-3ADB8CE357F9}"
EndProject
Project("{8BC9CEB8-8B4A-11D0-8D11-00A0C91BC942}") = "Log_09", "Log_09\Log_09.vcxproj", "{91A9BD7D-6EEE-4F71-93F1-C0D0C72D6016}"
EndProject
Project("{8BC9CEB8-8B4A-11D0-8D11-00A0C91BC942}") = "thread_10", "thread_10\thread_10.vcxproj", "{99EFE54A-F9BA-4D99-BA3D-D0BCEB4A844D}"
EndProject
Project("{8BC9CEB8-8B4A-11D0-8D11-00A0C91BC942}") = "thread_11", "thread_11\thread_11.vcxproj", "{3E75D617-6311-429B-9E55-37BA87DE42E4}"
EndProject
Project("{8BC9CEB8-8B4A-11D0-8D11-00A0C91BC942}") = "random_08", "random_08\random_08.vcxproj", "{B5762172-9BC5-4494-B718-577238B2FC0E}"
EndProject
Project("{8BC9CEB8-8B4A-11D0-8D11-00A0C91BC942}") = "random_09", "random_09\random_09.vcxproj", "{F39043E0-99BB-4B7B-A297-9C6C49C305A5}"
EndProject
Project("{8BC9CEB8-8B4A-11D0-8D11-00A0C91BC942}") = "random_10", "random_10\random_10.vcxproj", "{DF0B2371-3CD5-4F24-A7B9-F22338AE8488}"
EndProject
Project("{8BC9CEB8-8B4A-11D0-8D11-00A0C91BC942}") = "random_11", "random_11\random_11.vcxproj", "{1575B709-5226-45F8-8C70-95476AA15F8B}"
EndProject
Project("{8BC9CEB8-8B4A-11D0-8D11-00A0C91BC942}") = "random_12", "random_12\random_12.vcxproj", "{C02F3E5D-130B-44A5-ACFB-DB7F4E67FD4E}"
EndProject
Project("{8BC9CEB8-8B4A-11D0-8D11-00A0C91BC942}") = "random_13", "random_13\random_13.vcxproj", "{59F00768-AF6B-4A16-8369-99951C38F602}"
EndProject
Project("{8BC9CEB8-8B4A-11D0-8D11-00A0C91BC942}") = "Fusion_01", "Fusion_01\Fusion_01.vcxproj", "{10393872-3729-4B03-8432-AE841E5343CB}"
EndProject
Project("{8BC9CEB8-8B4A-11D0-8D11-00A0C91BC942}") = "Fusion_02", "Fusion_02\Fusion_02.vcxproj", "{1AFCAF4D-B34A-46F8-B967-A9192ED94523}"
EndProject
Project("{8BC9CEB8-8B4A-11D0-8D11-00A0C91BC942}") = "Fusion_03", "Fusion_03\Fusion_03.vcxproj", "{471664C8-55BD-46C4-8B86-A30F40C22EFC}"
EndProject
Project("{8BC9CEB8-8B4A-11D0-8D11-00A0C91BC942}") = "Fusion_04", "Fusion_04\Fusion_04.vcxproj", "{CADC7F67-8D03-40A6-B2D7-C724347B071C}"
EndProject
Project("{8BC9CEB8-8B4A-11D0-8D11-00A0C91BC942}") = "Fusion_05", "Fusion_05\Fusion_05.vcxproj", "{A59A5D0C-FB63-433E-98EA-E28261839FA2}"
EndProject
Project("{2150E333-8FDC-42A3-9474-1A3956D46DE8}") = "Fusion", "Fusion", "{B91DEC9D-FFF4-4270-822F-C5BF7DD65CAC}"
EndProject
Project("{8BC9CEB8-8B4A-11D0-8D11-00A0C91BC942}") = "Fusion_06", "Fusion_06\Fusion_06.vcxproj", "{B9AE5F26-AE3A-4C40-BBCF-5D95F4CEE792}"
EndProject
Project("{8BC9CEB8-8B4A-11D0-8D11-00A0C91BC942}") = "ScopeExit_01", "ScopeExit_01\ScopeExit_01.vcxproj", "{9C4DA68F-49FE-4E8E-959A-5FD00AC23393}"
EndProject
Project("{2150E333-8FDC-42A3-9474-1A3956D46DE8}") = "ScopeExit", "ScopeExit", "{D4805434-9595-4D3F-90E6-B5CD8663F8C0}"
EndProject
Project("{8BC9CEB8-8B4A-11D0-8D11-00A0C91BC942}") = "ScopeExit_02", "ScopeExit_02\ScopeExit_02.vcxproj", "{32121511-B4D0-4073-AE15-1D717D66B315}"
EndProject
Project("{8BC9CEB8-8B4A-11D0-8D11-00A0C91BC942}") = "ScopeExit_03", "ScopeExit_03\ScopeExit_03.vcxproj", "{E73AA6A8-38B8-433E-8912-C4EF8CD3B1E1}"
EndProject
Project("{8BC9CEB8-8B4A-11D0-8D11-00A0C91BC942}") = "initialized_01", "initialized_01\initialized_01.vcxproj", "{0C2086BA-7DDD-493A-8B55-3A74BDD1784B}"
EndProject
Project("{8BC9CEB8-8B4A-11D0-8D11-00A0C91BC942}") = "interval_01", "interval_01\interval_01.vcxproj", "{CD5507A7-478C-42EA-9F57-47FCB88BD47B}"
EndProject
Project("{8BC9CEB8-8B4A-11D0-8D11-00A0C91BC942}") = "interval_02", "interval_02\interval_02.vcxproj", "{C3EEB03C-AC52-476F-B7CD-E97502430413}"
EndProject
Project("{8BC9CEB8-8B4A-11D0-8D11-00A0C91BC942}") = "interval_03", "interval_03\interval_03.vcxproj", "{FBB76F38-924B-4367-8392-7EB2371BFD73}"
EndProject
Project("{2150E333-8FDC-42A3-9474-1A3956D46DE8}") = "interval", "interval", "{9DBAA2BA-D032-44A6-9616-67529479C549}"
EndProject
Project("{8BC9CEB8-8B4A-11D0-8D11-00A0C91BC942}") = "interval_04", "interval_04\interval_04.vcxproj", "{E7FBA181-6E40-4E14-903A-BFF72C15B3AC}"
EndProject
Project("{8BC9CEB8-8B4A-11D0-8D11-00A0C91BC942}") = "interval_05", "interval_05\interval_05.vcxproj", "{75BFC8A7-7463-415A-926D-B5C616D72610}"
EndProject
Project("{8BC9CEB8-8B4A-11D0-8D11-00A0C91BC942}") = "interval_06", "interval_06\interval_06.vcxproj", "{9A4E7614-D549-4169-A195-DB43D0E1D321}"
EndProject
Project("{8BC9CEB8-8B4A-11D0-8D11-00A0C91BC942}") = "StringAlgorithm_01", "StringAlgorithm_01\StringAlgorithm_01.vcxproj", "{B8B09D56-504F-4E22-A630-E9F30C1CBF2C}"
EndProject
Project("{8BC9CEB8-8B4A-11D0-8D11-00A0C91BC942}") = "StringAlgorithm_02", "StringAlgorithm_02\StringAlgorithm_02.vcxproj", "{A59A7386-14BC-4CDD-B340-AF03329BEB63}"
EndProject
Project("{8BC9CEB8-8B4A-11D0-8D11-00A0C91BC942}") = "StringAlgorithm_03", "StringAlgorithm_03\StringAlgorithm_03.vcxproj", "{CE041942-6B29-4606-A2BB-661C9C466007}"
EndProject
Project("{2150E333-8FDC-42A3-9474-1A3956D46DE8}") = "StringAlgorithm", "StringAlgorithm", "{81445BD3-1E3A-4E55-8A1B-EFCD470ACE7C}"
EndProject
Project("{8BC9CEB8-8B4A-11D0-8D11-00A0C91BC942}") = "StringAlgorithm_04", "StringAlgorithm_04\StringAlgorithm_04.vcxproj", "{08FCDEF5-82E3-4D93-B31D-761642772D7A}"
EndProject
Project("{8BC9CEB8-8B4A-11D0-8D11-00A0C91BC942}") = "StringAlgorithm_05", "StringAlgorithm_05\StringAlgorithm_05.vcxproj", "{4186AB0D-F538-46A5-864E-CB78911B2AC7}"
EndProject
Project("{8BC9CEB8-8B4A-11D0-8D11-00A0C91BC942}") = "StringAlgorithm_06", "StringAlgorithm_06\StringAlgorithm_06.vcxproj", "{093BFDF2-C9F3-4B72-B4BC-1AE6F993DEBB}"
EndProject
Project("{8BC9CEB8-8B4A-11D0-8D11-00A0C91BC942}") = "Log_10", "Log_10\Log_10.vcxproj", "{B550C64C-2C9B-4FCA-AFA4-530136C38453}"
EndProject
Project("{8BC9CEB8-8B4A-11D0-8D11-00A0C91BC942}") = "crc_01", "crc_01\crc_01.vcxproj", "{B48E65BF-A2F1-4952-BFC3-109FECF91477}"
EndProject
Project("{8BC9CEB8-8B4A-11D0-8D11-00A0C91BC942}") = "DateTime_01", "DateTime_01\DateTime_01.vcxproj", "{D55FCC46-E3F8-4D93-BF04-FD9C06BB43EC}"
EndProject
Project("{8BC9CEB8-8B4A-11D0-8D11-00A0C91BC942}") = "Predef_01", "Predef_01\Predef_01.vcxproj", "{3997619F-634A-42E7-81F1-98A81F0508AE}"
EndProject
Project("{8BC9CEB8-8B4A-11D0-8D11-00A0C91BC942}") = "overloaded_function_01", "overloaded_function_01\overloaded_function_01.vcxproj", "{71FB7B8A-3FC5-4C93-88C6-6E97E513ED89}"
EndProject
Project("{8BC9CEB8-8B4A-11D0-8D11-00A0C91BC942}") = "variant_01", "variant_01\variant_01.vcxproj", "{0DBFB734-15C1-45A7-B4B3-5376A3CAC985}"
EndProject
Project("{8BC9CEB8-8B4A-11D0-8D11-00A0C91BC942}") = "variant_02", "variant_02\variant_02.vcxproj", "{229B9A44-6D26-4DD8-9A4E-34FE59841770}"
EndProject
Global
	GlobalSection(SolutionConfigurationPlatforms) = preSolution
		Debug|Win32 = Debug|Win32
		Release|Win32 = Release|Win32
	EndGlobalSection
	GlobalSection(ProjectConfigurationPlatforms) = postSolution
		{CE7982EB-5507-41BD-8CDF-EDD4736D6E48}.Debug|Win32.ActiveCfg = Debug|Win32
		{CE7982EB-5507-41BD-8CDF-EDD4736D6E48}.Debug|Win32.Build.0 = Debug|Win32
		{CE7982EB-5507-41BD-8CDF-EDD4736D6E48}.Release|Win32.ActiveCfg = Release|Win32
		{CE7982EB-5507-41BD-8CDF-EDD4736D6E48}.Release|Win32.Build.0 = Release|Win32
		{D3812328-B249-4291-9861-27B159C2780E}.Debug|Win32.ActiveCfg = Debug|Win32
		{D3812328-B249-4291-9861-27B159C2780E}.Debug|Win32.Build.0 = Debug|Win32
		{D3812328-B249-4291-9861-27B159C2780E}.Release|Win32.ActiveCfg = Release|Win32
		{D3812328-B249-4291-9861-27B159C2780E}.Release|Win32.Build.0 = Release|Win32
		{0AF3B593-4617-47B2-B597-7B56E5B1763D}.Debug|Win32.ActiveCfg = Debug|Win32
		{0AF3B593-4617-47B2-B597-7B56E5B1763D}.Debug|Win32.Build.0 = Debug|Win32
		{0AF3B593-4617-47B2-B597-7B56E5B1763D}.Release|Win32.ActiveCfg = Release|Win32
		{0AF3B593-4617-47B2-B597-7B56E5B1763D}.Release|Win32.Build.0 = Release|Win32
		{64D039E4-6DC0-4BDE-87CD-85E858364BCC}.Debug|Win32.ActiveCfg = Debug|Win32
		{64D039E4-6DC0-4BDE-87CD-85E858364BCC}.Debug|Win32.Build.0 = Debug|Win32
		{64D039E4-6DC0-4BDE-87CD-85E858364BCC}.Release|Win32.ActiveCfg = Release|Win32
		{64D039E4-6DC0-4BDE-87CD-85E858364BCC}.Release|Win32.Build.0 = Release|Win32
		{312E0496-500F-45F8-A925-720B1CEB4872}.Debug|Win32.ActiveCfg = Debug|Win32
		{312E0496-500F-45F8-A925-720B1CEB4872}.Debug|Win32.Build.0 = Debug|Win32
		{312E0496-500F-45F8-A925-720B1CEB4872}.Release|Win32.ActiveCfg = Release|Win32
		{312E0496-500F-45F8-A925-720B1CEB4872}.Release|Win32.Build.0 = Release|Win32
		{4164BE8D-6401-4FC8-BB6E-2F9CAA3ED948}.Debug|Win32.ActiveCfg = Debug|Win32
		{4164BE8D-6401-4FC8-BB6E-2F9CAA3ED948}.Debug|Win32.Build.0 = Debug|Win32
		{4164BE8D-6401-4FC8-BB6E-2F9CAA3ED948}.Release|Win32.ActiveCfg = Release|Win32
		{4164BE8D-6401-4FC8-BB6E-2F9CAA3ED948}.Release|Win32.Build.0 = Release|Win32
		{06DAA64B-930A-4EF4-8DD7-1AAFF5C4A228}.Debug|Win32.ActiveCfg = Debug|Win32
		{06DAA64B-930A-4EF4-8DD7-1AAFF5C4A228}.Debug|Win32.Build.0 = Debug|Win32
		{06DAA64B-930A-4EF4-8DD7-1AAFF5C4A228}.Release|Win32.ActiveCfg = Release|Win32
		{06DAA64B-930A-4EF4-8DD7-1AAFF5C4A228}.Release|Win32.Build.0 = Release|Win32
		{80448D0B-59AB-4ED6-9318-7BD072E9F0CA}.Debug|Win32.ActiveCfg = Debug|Win32
		{80448D0B-59AB-4ED6-9318-7BD072E9F0CA}.Debug|Win32.Build.0 = Debug|Win32
		{80448D0B-59AB-4ED6-9318-7BD072E9F0CA}.Release|Win32.ActiveCfg = Release|Win32
		{80448D0B-59AB-4ED6-9318-7BD072E9F0CA}.Release|Win32.Build.0 = Release|Win32
		{50490866-7392-4337-B1B0-36095A97432C}.Debug|Win32.ActiveCfg = Debug|Win32
		{50490866-7392-4337-B1B0-36095A97432C}.Debug|Win32.Build.0 = Debug|Win32
		{50490866-7392-4337-B1B0-36095A97432C}.Release|Win32.ActiveCfg = Release|Win32
		{50490866-7392-4337-B1B0-36095A97432C}.Release|Win32.Build.0 = Release|Win32
		{3B720AA3-F902-4A25-A0CE-83603972F134}.Debug|Win32.ActiveCfg = Debug|Win32
		{3B720AA3-F902-4A25-A0CE-83603972F134}.Debug|Win32.Build.0 = Debug|Win32
		{3B720AA3-F902-4A25-A0CE-83603972F134}.Release|Win32.ActiveCfg = Release|Win32
		{3B720AA3-F902-4A25-A0CE-83603972F134}.Release|Win32.Build.0 = Release|Win32
		{1727F17B-913B-4ED0-B17B-F80C6EA4C325}.Debug|Win32.ActiveCfg = Debug|Win32
		{1727F17B-913B-4ED0-B17B-F80C6EA4C325}.Debug|Win32.Build.0 = Debug|Win32
		{1727F17B-913B-4ED0-B17B-F80C6EA4C325}.Release|Win32.ActiveCfg = Release|Win32
		{1727F17B-913B-4ED0-B17B-F80C6EA4C325}.Release|Win32.Build.0 = Release|Win32
		{E1402238-1B29-4ABF-94C4-540948BDACC4}.Debug|Win32.ActiveCfg = Debug|Win32
		{E1402238-1B29-4ABF-94C4-540948BDACC4}.Debug|Win32.Build.0 = Debug|Win32
		{E1402238-1B29-4ABF-94C4-540948BDACC4}.Release|Win32.ActiveCfg = Release|Win32
		{E1402238-1B29-4ABF-94C4-540948BDACC4}.Release|Win32.Build.0 = Release|Win32
		{A6BC49F7-7EA9-41CC-90D4-9737F2BD76EA}.Debug|Win32.ActiveCfg = Debug|Win32
		{A6BC49F7-7EA9-41CC-90D4-9737F2BD76EA}.Debug|Win32.Build.0 = Debug|Win32
		{A6BC49F7-7EA9-41CC-90D4-9737F2BD76EA}.Release|Win32.ActiveCfg = Release|Win32
		{A6BC49F7-7EA9-41CC-90D4-9737F2BD76EA}.Release|Win32.Build.0 = Release|Win32
		{A5F878C7-B40F-4C0E-BFC7-3C8D24E28F69}.Debug|Win32.ActiveCfg = Debug|Win32
		{A5F878C7-B40F-4C0E-BFC7-3C8D24E28F69}.Debug|Win32.Build.0 = Debug|Win32
		{A5F878C7-B40F-4C0E-BFC7-3C8D24E28F69}.Release|Win32.ActiveCfg = Release|Win32
		{A5F878C7-B40F-4C0E-BFC7-3C8D24E28F69}.Release|Win32.Build.0 = Release|Win32
		{3432D030-4DEA-4539-B152-59AA9B4DCB4D}.Debug|Win32.ActiveCfg = Debug|Win32
		{3432D030-4DEA-4539-B152-59AA9B4DCB4D}.Debug|Win32.Build.0 = Debug|Win32
		{3432D030-4DEA-4539-B152-59AA9B4DCB4D}.Release|Win32.ActiveCfg = Release|Win32
		{3432D030-4DEA-4539-B152-59AA9B4DCB4D}.Release|Win32.Build.0 = Release|Win32
		{19D1004B-FCBE-4139-9EFD-D0FB92655680}.Debug|Win32.ActiveCfg = Debug|Win32
		{19D1004B-FCBE-4139-9EFD-D0FB92655680}.Debug|Win32.Build.0 = Debug|Win32
		{19D1004B-FCBE-4139-9EFD-D0FB92655680}.Release|Win32.ActiveCfg = Release|Win32
		{19D1004B-FCBE-4139-9EFD-D0FB92655680}.Release|Win32.Build.0 = Release|Win32
		{575ACCE8-BAF1-4ABB-B642-915B73861CC8}.Debug|Win32.ActiveCfg = Debug|Win32
		{575ACCE8-BAF1-4ABB-B642-915B73861CC8}.Debug|Win32.Build.0 = Debug|Win32
		{575ACCE8-BAF1-4ABB-B642-915B73861CC8}.Release|Win32.ActiveCfg = Release|Win32
		{575ACCE8-BAF1-4ABB-B642-915B73861CC8}.Release|Win32.Build.0 = Release|Win32
		{6D23F7EC-00D8-41B1-B5AC-32C8CCCFE7C3}.Debug|Win32.ActiveCfg = Debug|Win32
		{6D23F7EC-00D8-41B1-B5AC-32C8CCCFE7C3}.Debug|Win32.Build.0 = Debug|Win32
		{6D23F7EC-00D8-41B1-B5AC-32C8CCCFE7C3}.Release|Win32.ActiveCfg = Release|Win32
		{6D23F7EC-00D8-41B1-B5AC-32C8CCCFE7C3}.Release|Win32.Build.0 = Release|Win32
		{C9D82CD2-2619-43BF-854F-C2A34D64B209}.Debug|Win32.ActiveCfg = Debug|Win32
		{C9D82CD2-2619-43BF-854F-C2A34D64B209}.Debug|Win32.Build.0 = Debug|Win32
		{C9D82CD2-2619-43BF-854F-C2A34D64B209}.Release|Win32.ActiveCfg = Release|Win32
		{C9D82CD2-2619-43BF-854F-C2A34D64B209}.Release|Win32.Build.0 = Release|Win32
		{9F730D4A-6908-4578-A5CF-2551BA78F13D}.Debug|Win32.ActiveCfg = Debug|Win32
		{9F730D4A-6908-4578-A5CF-2551BA78F13D}.Debug|Win32.Build.0 = Debug|Win32
		{9F730D4A-6908-4578-A5CF-2551BA78F13D}.Release|Win32.ActiveCfg = Release|Win32
		{9F730D4A-6908-4578-A5CF-2551BA78F13D}.Release|Win32.Build.0 = Release|Win32
		{ADDB9D67-968C-4CAB-98A0-95164998E37F}.Debug|Win32.ActiveCfg = Debug|Win32
		{ADDB9D67-968C-4CAB-98A0-95164998E37F}.Debug|Win32.Build.0 = Debug|Win32
		{ADDB9D67-968C-4CAB-98A0-95164998E37F}.Release|Win32.ActiveCfg = Release|Win32
		{ADDB9D67-968C-4CAB-98A0-95164998E37F}.Release|Win32.Build.0 = Release|Win32
		{1C0BF896-7BE5-4DEE-B2D0-09C73B293F8B}.Debug|Win32.ActiveCfg = Debug|Win32
		{1C0BF896-7BE5-4DEE-B2D0-09C73B293F8B}.Debug|Win32.Build.0 = Debug|Win32
		{1C0BF896-7BE5-4DEE-B2D0-09C73B293F8B}.Release|Win32.ActiveCfg = Release|Win32
		{1C0BF896-7BE5-4DEE-B2D0-09C73B293F8B}.Release|Win32.Build.0 = Release|Win32
		{A1542E75-C039-48C7-A7B1-4D6D7616BF47}.Debug|Win32.ActiveCfg = Debug|Win32
		{A1542E75-C039-48C7-A7B1-4D6D7616BF47}.Debug|Win32.Build.0 = Debug|Win32
		{A1542E75-C039-48C7-A7B1-4D6D7616BF47}.Release|Win32.ActiveCfg = Release|Win32
		{A1542E75-C039-48C7-A7B1-4D6D7616BF47}.Release|Win32.Build.0 = Release|Win32
		{2BF62B14-7FE1-4F6A-834B-68398DAC4DE8}.Debug|Win32.ActiveCfg = Debug|Win32
		{2BF62B14-7FE1-4F6A-834B-68398DAC4DE8}.Debug|Win32.Build.0 = Debug|Win32
		{2BF62B14-7FE1-4F6A-834B-68398DAC4DE8}.Release|Win32.ActiveCfg = Release|Win32
		{2BF62B14-7FE1-4F6A-834B-68398DAC4DE8}.Release|Win32.Build.0 = Release|Win32
		{91A9BD7D-6EEE-4F71-93F1-C0D0C72D6016}.Debug|Win32.ActiveCfg = Debug|Win32
		{91A9BD7D-6EEE-4F71-93F1-C0D0C72D6016}.Debug|Win32.Build.0 = Debug|Win32
		{91A9BD7D-6EEE-4F71-93F1-C0D0C72D6016}.Release|Win32.ActiveCfg = Release|Win32
		{91A9BD7D-6EEE-4F71-93F1-C0D0C72D6016}.Release|Win32.Build.0 = Release|Win32
		{99EFE54A-F9BA-4D99-BA3D-D0BCEB4A844D}.Debug|Win32.ActiveCfg = Debug|Win32
		{99EFE54A-F9BA-4D99-BA3D-D0BCEB4A844D}.Debug|Win32.Build.0 = Debug|Win32
		{99EFE54A-F9BA-4D99-BA3D-D0BCEB4A844D}.Release|Win32.ActiveCfg = Release|Win32
		{99EFE54A-F9BA-4D99-BA3D-D0BCEB4A844D}.Release|Win32.Build.0 = Release|Win32
		{3E75D617-6311-429B-9E55-37BA87DE42E4}.Debug|Win32.ActiveCfg = Debug|Win32
		{3E75D617-6311-429B-9E55-37BA87DE42E4}.Debug|Win32.Build.0 = Debug|Win32
		{3E75D617-6311-429B-9E55-37BA87DE42E4}.Release|Win32.ActiveCfg = Release|Win32
		{3E75D617-6311-429B-9E55-37BA87DE42E4}.Release|Win32.Build.0 = Release|Win32
		{B5762172-9BC5-4494-B718-577238B2FC0E}.Debug|Win32.ActiveCfg = Debug|Win32
		{B5762172-9BC5-4494-B718-577238B2FC0E}.Debug|Win32.Build.0 = Debug|Win32
		{B5762172-9BC5-4494-B718-577238B2FC0E}.Release|Win32.ActiveCfg = Release|Win32
		{B5762172-9BC5-4494-B718-577238B2FC0E}.Release|Win32.Build.0 = Release|Win32
		{F39043E0-99BB-4B7B-A297-9C6C49C305A5}.Debug|Win32.ActiveCfg = Debug|Win32
		{F39043E0-99BB-4B7B-A297-9C6C49C305A5}.Debug|Win32.Build.0 = Debug|Win32
		{F39043E0-99BB-4B7B-A297-9C6C49C305A5}.Release|Win32.ActiveCfg = Release|Win32
		{F39043E0-99BB-4B7B-A297-9C6C49C305A5}.Release|Win32.Build.0 = Release|Win32
		{DF0B2371-3CD5-4F24-A7B9-F22338AE8488}.Debug|Win32.ActiveCfg = Debug|Win32
		{DF0B2371-3CD5-4F24-A7B9-F22338AE8488}.Debug|Win32.Build.0 = Debug|Win32
		{DF0B2371-3CD5-4F24-A7B9-F22338AE8488}.Release|Win32.ActiveCfg = Release|Win32
		{DF0B2371-3CD5-4F24-A7B9-F22338AE8488}.Release|Win32.Build.0 = Release|Win32
		{1575B709-5226-45F8-8C70-95476AA15F8B}.Debug|Win32.ActiveCfg = Debug|Win32
		{1575B709-5226-45F8-8C70-95476AA15F8B}.Debug|Win32.Build.0 = Debug|Win32
		{1575B709-5226-45F8-8C70-95476AA15F8B}.Release|Win32.ActiveCfg = Release|Win32
		{1575B709-5226-45F8-8C70-95476AA15F8B}.Release|Win32.Build.0 = Release|Win32
		{C02F3E5D-130B-44A5-ACFB-DB7F4E67FD4E}.Debug|Win32.ActiveCfg = Debug|Win32
		{C02F3E5D-130B-44A5-ACFB-DB7F4E67FD4E}.Debug|Win32.Build.0 = Debug|Win32
		{C02F3E5D-130B-44A5-ACFB-DB7F4E67FD4E}.Release|Win32.ActiveCfg = Release|Win32
		{C02F3E5D-130B-44A5-ACFB-DB7F4E67FD4E}.Release|Win32.Build.0 = Release|Win32
		{59F00768-AF6B-4A16-8369-99951C38F602}.Debug|Win32.ActiveCfg = Debug|Win32
		{59F00768-AF6B-4A16-8369-99951C38F602}.Debug|Win32.Build.0 = Debug|Win32
		{59F00768-AF6B-4A16-8369-99951C38F602}.Release|Win32.ActiveCfg = Release|Win32
		{59F00768-AF6B-4A16-8369-99951C38F602}.Release|Win32.Build.0 = Release|Win32
		{10393872-3729-4B03-8432-AE841E5343CB}.Debug|Win32.ActiveCfg = Debug|Win32
		{10393872-3729-4B03-8432-AE841E5343CB}.Debug|Win32.Build.0 = Debug|Win32
		{10393872-3729-4B03-8432-AE841E5343CB}.Release|Win32.ActiveCfg = Release|Win32
		{10393872-3729-4B03-8432-AE841E5343CB}.Release|Win32.Build.0 = Release|Win32
		{1AFCAF4D-B34A-46F8-B967-A9192ED94523}.Debug|Win32.ActiveCfg = Debug|Win32
		{1AFCAF4D-B34A-46F8-B967-A9192ED94523}.Debug|Win32.Build.0 = Debug|Win32
		{1AFCAF4D-B34A-46F8-B967-A9192ED94523}.Release|Win32.ActiveCfg = Release|Win32
		{1AFCAF4D-B34A-46F8-B967-A9192ED94523}.Release|Win32.Build.0 = Release|Win32
		{471664C8-55BD-46C4-8B86-A30F40C22EFC}.Debug|Win32.ActiveCfg = Debug|Win32
		{471664C8-55BD-46C4-8B86-A30F40C22EFC}.Debug|Win32.Build.0 = Debug|Win32
		{471664C8-55BD-46C4-8B86-A30F40C22EFC}.Release|Win32.ActiveCfg = Release|Win32
		{471664C8-55BD-46C4-8B86-A30F40C22EFC}.Release|Win32.Build.0 = Release|Win32
		{CADC7F67-8D03-40A6-B2D7-C724347B071C}.Debug|Win32.ActiveCfg = Debug|Win32
		{CADC7F67-8D03-40A6-B2D7-C724347B071C}.Debug|Win32.Build.0 = Debug|Win32
		{CADC7F67-8D03-40A6-B2D7-C724347B071C}.Release|Win32.ActiveCfg = Release|Win32
		{CADC7F67-8D03-40A6-B2D7-C724347B071C}.Release|Win32.Build.0 = Release|Win32
		{A59A5D0C-FB63-433E-98EA-E28261839FA2}.Debug|Win32.ActiveCfg = Debug|Win32
		{A59A5D0C-FB63-433E-98EA-E28261839FA2}.Debug|Win32.Build.0 = Debug|Win32
		{A59A5D0C-FB63-433E-98EA-E28261839FA2}.Release|Win32.ActiveCfg = Release|Win32
		{A59A5D0C-FB63-433E-98EA-E28261839FA2}.Release|Win32.Build.0 = Release|Win32
		{B9AE5F26-AE3A-4C40-BBCF-5D95F4CEE792}.Debug|Win32.ActiveCfg = Debug|Win32
		{B9AE5F26-AE3A-4C40-BBCF-5D95F4CEE792}.Debug|Win32.Build.0 = Debug|Win32
		{B9AE5F26-AE3A-4C40-BBCF-5D95F4CEE792}.Release|Win32.ActiveCfg = Release|Win32
		{B9AE5F26-AE3A-4C40-BBCF-5D95F4CEE792}.Release|Win32.Build.0 = Release|Win32
		{9C4DA68F-49FE-4E8E-959A-5FD00AC23393}.Debug|Win32.ActiveCfg = Debug|Win32
		{9C4DA68F-49FE-4E8E-959A-5FD00AC23393}.Debug|Win32.Build.0 = Debug|Win32
		{9C4DA68F-49FE-4E8E-959A-5FD00AC23393}.Release|Win32.ActiveCfg = Release|Win32
		{9C4DA68F-49FE-4E8E-959A-5FD00AC23393}.Release|Win32.Build.0 = Release|Win32
		{32121511-B4D0-4073-AE15-1D717D66B315}.Debug|Win32.ActiveCfg = Debug|Win32
		{32121511-B4D0-4073-AE15-1D717D66B315}.Debug|Win32.Build.0 = Debug|Win32
		{32121511-B4D0-4073-AE15-1D717D66B315}.Release|Win32.ActiveCfg = Release|Win32
		{32121511-B4D0-4073-AE15-1D717D66B315}.Release|Win32.Build.0 = Release|Win32
		{E73AA6A8-38B8-433E-8912-C4EF8CD3B1E1}.Debug|Win32.ActiveCfg = Debug|Win32
		{E73AA6A8-38B8-433E-8912-C4EF8CD3B1E1}.Debug|Win32.Build.0 = Debug|Win32
		{E73AA6A8-38B8-433E-8912-C4EF8CD3B1E1}.Release|Win32.ActiveCfg = Release|Win32
		{E73AA6A8-38B8-433E-8912-C4EF8CD3B1E1}.Release|Win32.Build.0 = Release|Win32
		{0C2086BA-7DDD-493A-8B55-3A74BDD1784B}.Debug|Win32.ActiveCfg = Debug|Win32
		{0C2086BA-7DDD-493A-8B55-3A74BDD1784B}.Debug|Win32.Build.0 = Debug|Win32
		{0C2086BA-7DDD-493A-8B55-3A74BDD1784B}.Release|Win32.ActiveCfg = Release|Win32
		{0C2086BA-7DDD-493A-8B55-3A74BDD1784B}.Release|Win32.Build.0 = Release|Win32
		{CD5507A7-478C-42EA-9F57-47FCB88BD47B}.Debug|Win32.ActiveCfg = Debug|Win32
		{CD5507A7-478C-42EA-9F57-47FCB88BD47B}.Debug|Win32.Build.0 = Debug|Win32
		{CD5507A7-478C-42EA-9F57-47FCB88BD47B}.Release|Win32.ActiveCfg = Release|Win32
		{CD5507A7-478C-42EA-9F57-47FCB88BD47B}.Release|Win32.Build.0 = Release|Win32
		{C3EEB03C-AC52-476F-B7CD-E97502430413}.Debug|Win32.ActiveCfg = Debug|Win32
		{C3EEB03C-AC52-476F-B7CD-E97502430413}.Debug|Win32.Build.0 = Debug|Win32
		{C3EEB03C-AC52-476F-B7CD-E97502430413}.Release|Win32.ActiveCfg = Release|Win32
		{C3EEB03C-AC52-476F-B7CD-E97502430413}.Release|Win32.Build.0 = Release|Win32
		{FBB76F38-924B-4367-8392-7EB2371BFD73}.Debug|Win32.ActiveCfg = Debug|Win32
		{FBB76F38-924B-4367-8392-7EB2371BFD73}.Debug|Win32.Build.0 = Debug|Win32
		{FBB76F38-924B-4367-8392-7EB2371BFD73}.Release|Win32.ActiveCfg = Release|Win32
		{FBB76F38-924B-4367-8392-7EB2371BFD73}.Release|Win32.Build.0 = Release|Win32
		{E7FBA181-6E40-4E14-903A-BFF72C15B3AC}.Debug|Win32.ActiveCfg = Debug|Win32
		{E7FBA181-6E40-4E14-903A-BFF72C15B3AC}.Debug|Win32.Build.0 = Debug|Win32
		{E7FBA181-6E40-4E14-903A-BFF72C15B3AC}.Release|Win32.ActiveCfg = Release|Win32
		{E7FBA181-6E40-4E14-903A-BFF72C15B3AC}.Release|Win32.Build.0 = Release|Win32
		{75BFC8A7-7463-415A-926D-B5C616D72610}.Debug|Win32.ActiveCfg = Debug|Win32
		{75BFC8A7-7463-415A-926D-B5C616D72610}.Debug|Win32.Build.0 = Debug|Win32
		{75BFC8A7-7463-415A-926D-B5C616D72610}.Release|Win32.ActiveCfg = Release|Win32
		{75BFC8A7-7463-415A-926D-B5C616D72610}.Release|Win32.Build.0 = Release|Win32
		{9A4E7614-D549-4169-A195-DB43D0E1D321}.Debug|Win32.ActiveCfg = Debug|Win32
		{9A4E7614-D549-4169-A195-DB43D0E1D321}.Debug|Win32.Build.0 = Debug|Win32
		{9A4E7614-D549-4169-A195-DB43D0E1D321}.Release|Win32.ActiveCfg = Release|Win32
		{9A4E7614-D549-4169-A195-DB43D0E1D321}.Release|Win32.Build.0 = Release|Win32
		{B8B09D56-504F-4E22-A630-E9F30C1CBF2C}.Debug|Win32.ActiveCfg = Debug|Win32
		{B8B09D56-504F-4E22-A630-E9F30C1CBF2C}.Debug|Win32.Build.0 = Debug|Win32
		{B8B09D56-504F-4E22-A630-E9F30C1CBF2C}.Release|Win32.ActiveCfg = Release|Win32
		{B8B09D56-504F-4E22-A630-E9F30C1CBF2C}.Release|Win32.Build.0 = Release|Win32
		{A59A7386-14BC-4CDD-B340-AF03329BEB63}.Debug|Win32.ActiveCfg = Debug|Win32
		{A59A7386-14BC-4CDD-B340-AF03329BEB63}.Debug|Win32.Build.0 = Debug|Win32
		{A59A7386-14BC-4CDD-B340-AF03329BEB63}.Release|Win32.ActiveCfg = Release|Win32
		{A59A7386-14BC-4CDD-B340-AF03329BEB63}.Release|Win32.Build.0 = Release|Win32
		{CE041942-6B29-4606-A2BB-661C9C466007}.Debug|Win32.ActiveCfg = Debug|Win32
		{CE041942-6B29-4606-A2BB-661C9C466007}.Debug|Win32.Build.0 = Debug|Win32
		{CE041942-6B29-4606-A2BB-661C9C466007}.Release|Win32.ActiveCfg = Release|Win32
		{CE041942-6B29-4606-A2BB-661C9C466007}.Release|Win32.Build.0 = Release|Win32
		{08FCDEF5-82E3-4D93-B31D-761642772D7A}.Debug|Win32.ActiveCfg = Debug|Win32
		{08FCDEF5-82E3-4D93-B31D-761642772D7A}.Debug|Win32.Build.0 = Debug|Win32
		{08FCDEF5-82E3-4D93-B31D-761642772D7A}.Release|Win32.ActiveCfg = Release|Win32
		{08FCDEF5-82E3-4D93-B31D-761642772D7A}.Release|Win32.Build.0 = Release|Win32
		{4186AB0D-F538-46A5-864E-CB78911B2AC7}.Debug|Win32.ActiveCfg = Debug|Win32
		{4186AB0D-F538-46A5-864E-CB78911B2AC7}.Debug|Win32.Build.0 = Debug|Win32
		{4186AB0D-F538-46A5-864E-CB78911B2AC7}.Release|Win32.ActiveCfg = Release|Win32
		{4186AB0D-F538-46A5-864E-CB78911B2AC7}.Release|Win32.Build.0 = Release|Win32
		{093BFDF2-C9F3-4B72-B4BC-1AE6F993DEBB}.Debug|Win32.ActiveCfg = Debug|Win32
		{093BFDF2-C9F3-4B72-B4BC-1AE6F993DEBB}.Debug|Win32.Build.0 = Debug|Win32
		{093BFDF2-C9F3-4B72-B4BC-1AE6F993DEBB}.Release|Win32.ActiveCfg = Release|Win32
		{093BFDF2-C9F3-4B72-B4BC-1AE6F993DEBB}.Release|Win32.Build.0 = Release|Win32
		{B550C64C-2C9B-4FCA-AFA4-530136C38453}.Debug|Win32.ActiveCfg = Debug|Win32
		{B550C64C-2C9B-4FCA-AFA4-530136C38453}.Debug|Win32.Build.0 = Debug|Win32
		{B550C64C-2C9B-4FCA-AFA4-530136C38453}.Release|Win32.ActiveCfg = Release|Win32
		{B550C64C-2C9B-4FCA-AFA4-530136C38453}.Release|Win32.Build.0 = Release|Win32
		{B48E65BF-A2F1-4952-BFC3-109FECF91477}.Debug|Win32.ActiveCfg = Debug|Win32
		{B48E65BF-A2F1-4952-BFC3-109FECF91477}.Debug|Win32.Build.0 = Debug|Win32
		{B48E65BF-A2F1-4952-BFC3-109FECF91477}.Release|Win32.ActiveCfg = Release|Win32
		{B48E65BF-A2F1-4952-BFC3-109FECF91477}.Release|Win32.Build.0 = Release|Win32
		{D55FCC46-E3F8-4D93-BF04-FD9C06BB43EC}.Debug|Win32.ActiveCfg = Debug|Win32
		{D55FCC46-E3F8-4D93-BF04-FD9C06BB43EC}.Debug|Win32.Build.0 = Debug|Win32
		{D55FCC46-E3F8-4D93-BF04-FD9C06BB43EC}.Release|Win32.ActiveCfg = Release|Win32
		{D55FCC46-E3F8-4D93-BF04-FD9C06BB43EC}.Release|Win32.Build.0 = Release|Win32
		{3997619F-634A-42E7-81F1-98A81F0508AE}.Debug|Win32.ActiveCfg = Debug|Win32
		{3997619F-634A-42E7-81F1-98A81F0508AE}.Debug|Win32.Build.0 = Debug|Win32
		{3997619F-634A-42E7-81F1-98A81F0508AE}.Release|Win32.ActiveCfg = Release|Win32
		{3997619F-634A-42E7-81F1-98A81F0508AE}.Release|Win32.Build.0 = Release|Win32
		{71FB7B8A-3FC5-4C93-88C6-6E97E513ED89}.Debug|Win32.ActiveCfg = Debug|Win32
		{71FB7B8A-3FC5-4C93-88C6-6E97E513ED89}.Debug|Win32.Build.0 = Debug|Win32
		{71FB7B8A-3FC5-4C93-88C6-6E97E513ED89}.Release|Win32.ActiveCfg = Release|Win32
		{71FB7B8A-3FC5-4C93-88C6-6E97E513ED89}.Release|Win32.Build.0 = Release|Win32
		{0DBFB734-15C1-45A7-B4B3-5376A3CAC985}.Debug|Win32.ActiveCfg = Debug|Win32
		{0DBFB734-15C1-45A7-B4B3-5376A3CAC985}.Debug|Win32.Build.0 = Debug|Win32
		{0DBFB734-15C1-45A7-B4B3-5376A3CAC985}.Release|Win32.ActiveCfg = Release|Win32
		{0DBFB734-15C1-45A7-B4B3-5376A3CAC985}.Release|Win32.Build.0 = Release|Win32
		{229B9A44-6D26-4DD8-9A4E-34FE59841770}.Debug|Win32.ActiveCfg = Debug|Win32
		{229B9A44-6D26-4DD8-9A4E-34FE59841770}.Debug|Win32.Build.0 = Debug|Win32
		{229B9A44-6D26-4DD8-9A4E-34FE59841770}.Release|Win32.ActiveCfg = Release|Win32
		{229B9A44-6D26-4DD8-9A4E-34FE59841770}.Release|Win32.Build.0 = Release|Win32
	EndGlobalSection
	GlobalSection(SolutionProperties) = preSolution
		HideSolutionNode = FALSE
	EndGlobalSection
	GlobalSection(NestedProjects) = preSolution
		{D3812328-B249-4291-9861-27B159C2780E} = {AAFDCE91-9AAB-4367-BC81-44815FD0EFFD}
		{0AF3B593-4617-47B2-B597-7B56E5B1763D} = {AAFDCE91-9AAB-4367-BC81-44815FD0EFFD}
		{64D039E4-6DC0-4BDE-87CD-85E858364BCC} = {AAFDCE91-9AAB-4367-BC81-44815FD0EFFD}
		{312E0496-500F-45F8-A925-720B1CEB4872} = {AAFDCE91-9AAB-4367-BC81-44815FD0EFFD}
		{4164BE8D-6401-4FC8-BB6E-2F9CAA3ED948} = {AAFDCE91-9AAB-4367-BC81-44815FD0EFFD}
		{06DAA64B-930A-4EF4-8DD7-1AAFF5C4A228} = {AAFDCE91-9AAB-4367-BC81-44815FD0EFFD}
		{CE7982EB-5507-41BD-8CDF-EDD4736D6E48} = {AAFDCE91-9AAB-4367-BC81-44815FD0EFFD}
		{B5762172-9BC5-4494-B718-577238B2FC0E} = {AAFDCE91-9AAB-4367-BC81-44815FD0EFFD}
		{F39043E0-99BB-4B7B-A297-9C6C49C305A5} = {AAFDCE91-9AAB-4367-BC81-44815FD0EFFD}
		{DF0B2371-3CD5-4F24-A7B9-F22338AE8488} = {AAFDCE91-9AAB-4367-BC81-44815FD0EFFD}
		{1575B709-5226-45F8-8C70-95476AA15F8B} = {AAFDCE91-9AAB-4367-BC81-44815FD0EFFD}
		{C02F3E5D-130B-44A5-ACFB-DB7F4E67FD4E} = {AAFDCE91-9AAB-4367-BC81-44815FD0EFFD}
		{59F00768-AF6B-4A16-8369-99951C38F602} = {AAFDCE91-9AAB-4367-BC81-44815FD0EFFD}
		{50490866-7392-4337-B1B0-36095A97432C} = {775A4F6F-992D-4F40-BBDC-AA80F89D6BEA}
		{3B720AA3-F902-4A25-A0CE-83603972F134} = {775A4F6F-992D-4F40-BBDC-AA80F89D6BEA}
		{1727F17B-913B-4ED0-B17B-F80C6EA4C325} = {775A4F6F-992D-4F40-BBDC-AA80F89D6BEA}
		{E1402238-1B29-4ABF-94C4-540948BDACC4} = {775A4F6F-992D-4F40-BBDC-AA80F89D6BEA}
		{A6BC49F7-7EA9-41CC-90D4-9737F2BD76EA} = {775A4F6F-992D-4F40-BBDC-AA80F89D6BEA}
		{A5F878C7-B40F-4C0E-BFC7-3C8D24E28F69} = {775A4F6F-992D-4F40-BBDC-AA80F89D6BEA}
		{3432D030-4DEA-4539-B152-59AA9B4DCB4D} = {775A4F6F-992D-4F40-BBDC-AA80F89D6BEA}
		{19D1004B-FCBE-4139-9EFD-D0FB92655680} = {775A4F6F-992D-4F40-BBDC-AA80F89D6BEA}
		{80448D0B-59AB-4ED6-9318-7BD072E9F0CA} = {775A4F6F-992D-4F40-BBDC-AA80F89D6BEA}
		{99EFE54A-F9BA-4D99-BA3D-D0BCEB4A844D} = {775A4F6F-992D-4F40-BBDC-AA80F89D6BEA}
		{3E75D617-6311-429B-9E55-37BA87DE42E4} = {775A4F6F-992D-4F40-BBDC-AA80F89D6BEA}
		{6D23F7EC-00D8-41B1-B5AC-32C8CCCFE7C3} = {51057704-BD7B-45B0-A784-3ADB8CE357F9}
		{C9D82CD2-2619-43BF-854F-C2A34D64B209} = {51057704-BD7B-45B0-A784-3ADB8CE357F9}
		{9F730D4A-6908-4578-A5CF-2551BA78F13D} = {51057704-BD7B-45B0-A784-3ADB8CE357F9}
		{ADDB9D67-968C-4CAB-98A0-95164998E37F} = {51057704-BD7B-45B0-A784-3ADB8CE357F9}
		{1C0BF896-7BE5-4DEE-B2D0-09C73B293F8B} = {51057704-BD7B-45B0-A784-3ADB8CE357F9}
		{A1542E75-C039-48C7-A7B1-4D6D7616BF47} = {51057704-BD7B-45B0-A784-3ADB8CE357F9}
		{2BF62B14-7FE1-4F6A-834B-68398DAC4DE8} = {51057704-BD7B-45B0-A784-3ADB8CE357F9}
		{575ACCE8-BAF1-4ABB-B642-915B73861CC8} = {51057704-BD7B-45B0-A784-3ADB8CE357F9}
		{91A9BD7D-6EEE-4F71-93F1-C0D0C72D6016} = {51057704-BD7B-45B0-A784-3ADB8CE357F9}
		{B550C64C-2C9B-4FCA-AFA4-530136C38453} = {51057704-BD7B-45B0-A784-3ADB8CE357F9}
		{1AFCAF4D-B34A-46F8-B967-A9192ED94523} = {B91DEC9D-FFF4-4270-822F-C5BF7DD65CAC}
		{471664C8-55BD-46C4-8B86-A30F40C22EFC} = {B91DEC9D-FFF4-4270-822F-C5BF7DD65CAC}
		{CADC7F67-8D03-40A6-B2D7-C724347B071C} = {B91DEC9D-FFF4-4270-822F-C5BF7DD65CAC}
		{A59A5D0C-FB63-433E-98EA-E28261839FA2} = {B91DEC9D-FFF4-4270-822F-C5BF7DD65CAC}
		{10393872-3729-4B03-8432-AE841E5343CB} = {B91DEC9D-FFF4-4270-822F-C5BF7DD65CAC}
		{B9AE5F26-AE3A-4C40-BBCF-5D95F4CEE792} = {B91DEC9D-FFF4-4270-822F-C5BF7DD65CAC}
		{9C4DA68F-49FE-4E8E-959A-5FD00AC23393} = {D4805434-9595-4D3F-90E6-B5CD8663F8C0}
		{32121511-B4D0-4073-AE15-1D717D66B315} = {D4805434-9595-4D3F-90E6-B5CD8663F8C0}
		{E73AA6A8-38B8-433E-8912-C4EF8CD3B1E1} = {D4805434-9595-4D3F-90E6-B5CD8663F8C0}
		{C3EEB03C-AC52-476F-B7CD-E97502430413} = {9DBAA2BA-D032-44A6-9616-67529479C549}
		{FBB76F38-924B-4367-8392-7EB2371BFD73} = {9DBAA2BA-D032-44A6-9616-67529479C549}
		{CD5507A7-478C-42EA-9F57-47FCB88BD47B} = {9DBAA2BA-D032-44A6-9616-67529479C549}
		{E7FBA181-6E40-4E14-903A-BFF72C15B3AC} = {9DBAA2BA-D032-44A6-9616-67529479C549}
		{75BFC8A7-7463-415A-926D-B5C616D72610} = {9DBAA2BA-D032-44A6-9616-67529479C549}
		{9A4E7614-D549-4169-A195-DB43D0E1D321} = {9DBAA2BA-D032-44A6-9616-67529479C549}
		{A59A7386-14BC-4CDD-B340-AF03329BEB63} = {81445BD3-1E3A-4E55-8A1B-EFCD470ACE7C}
		{CE041942-6B29-4606-A2BB-661C9C466007} = {81445BD3-1E3A-4E55-8A1B-EFCD470ACE7C}
		{B8B09D56-504F-4E22-A630-E9F30C1CBF2C} = {81445BD3-1E3A-4E55-8A1B-EFCD470ACE7C}
		{08FCDEF5-82E3-4D93-B31D-761642772D7A} = {81445BD3-1E3A-4E55-8A1B-EFCD470ACE7C}
		{4186AB0D-F538-46A5-864E-CB78911B2AC7} = {81445BD3-1E3A-4E55-8A1B-EFCD470ACE7C}
		{093BFDF2-C9F3-4B72-B4BC-1AE6F993DEBB} = {81445BD3-1E3A-4E55-8A1B-EFCD470ACE7C}
	EndGlobalSection
EndGlobal
