<?xml version="1.0" encoding="utf-8"?>
<Project ToolsVersion="4.0" xmlns="http://schemas.microsoft.com/developer/msbuild/2003">
  <ItemGroup>
    <ClCompile Include="Asio_02_Server.cpp" />
    <ClCompile Include="Session.cpp" />
  </ItemGroup>
  <ItemGroup>
    <ClInclude Include="Session.h" />
  </ItemGroup>
</Project>